// !$*UTF8*$!
{
	archiveVersion = 1;
	classes = {
	};
	objectVersion = 56;
	objects = {

/* Begin PBXBuildFile section */
		A624765F2C8A8ED3006004FE /* LionCastTVApp.swift in Sources */ = {isa = PBXBuildFile; fileRef = A624765E2C8A8ED3006004FE /* LionCastTVApp.swift */; };
		A62476612C8A8ED3006004FE /* ContentView.swift in Sources */ = {isa = PBXBuildFile; fileRef = A62476602C8A8ED3006004FE /* ContentView.swift */; };
		A62476632C8A8ED3006004FE /* Assets.xcassets in Resources */ = {isa = PBXBuildFile; fileRef = A62476622C8A8ED3006004FE /* Assets.xcassets */; };
		A62476662C8A8ED3006004FE /* Preview Assets.xcassets in Resources */ = {isa = PBXBuildFile; fileRef = A62476652C8A8ED3006004FE /* Preview Assets.xcassets */; };
		A6427BB92C8EB8BB003C9C7E /* LionCastCore in Frameworks */ = {isa = PBXBuildFile; productRef = A6427BB82C8EB8BB003C9C7E /* LionCastCore */; };
		A6427BBB2C8EB97E003C9C7E /* ChannelView.swift in Sources */ = {isa = PBXBuildFile; fileRef = A6427BBA2C8EB97E003C9C7E /* ChannelView.swift */; };
		A6427BBD2C8EBDA9003C9C7E /* PlayerView.swift in Sources */ = {isa = PBXBuildFile; fileRef = A6427BBC2C8EBDA9003C9C7E /* PlayerView.swift */; };
		A6427BBF2C8EC00C003C9C7E /* CurrentChannelView.swift in Sources */ = {isa = PBXBuildFile; fileRef = A6427BBE2C8EC00C003C9C7E /* CurrentChannelView.swift */; };
		A6427BC12C8EC039003C9C7E /* ChannelListView.swift in Sources */ = {isa = PBXBuildFile; fileRef = A6427BC02C8EC039003C9C7E /* ChannelListView.swift */; };
/* End PBXBuildFile section */

/* Begin PBXFileReference section */
		A624765B2C8A8ED3006004FE /* LionCastTV.app */ = {isa = PBXFileReference; explicitFileType = wrapper.application; includeInIndex = 0; path = LionCastTV.app; sourceTree = BUILT_PRODUCTS_DIR; };
		A624765E2C8A8ED3006004FE /* LionCastTVApp.swift */ = {isa = PBXFileReference; lastKnownFileType = sourcecode.swift; path = LionCastTVApp.swift; sourceTree = "<group>"; };
		A62476602C8A8ED3006004FE /* ContentView.swift */ = {isa = PBXFileReference; lastKnownFileType = sourcecode.swift; path = ContentView.swift; sourceTree = "<group>"; };
		A62476622C8A8ED3006004FE /* Assets.xcassets */ = {isa = PBXFileReference; lastKnownFileType = folder.assetcatalog; path = Assets.xcassets; sourceTree = "<group>"; };
		A62476652C8A8ED3006004FE /* Preview Assets.xcassets */ = {isa = PBXFileReference; lastKnownFileType = folder.assetcatalog; path = "Preview Assets.xcassets"; sourceTree = "<group>"; };
		A6427BBA2C8EB97E003C9C7E /* ChannelView.swift */ = {isa = PBXFileReference; lastKnownFileType = sourcecode.swift; path = ChannelView.swift; sourceTree = "<group>"; };
		A6427BBC2C8EBDA9003C9C7E /* PlayerView.swift */ = {isa = PBXFileReference; lastKnownFileType = sourcecode.swift; path = PlayerView.swift; sourceTree = "<group>"; };
		A6427BBE2C8EC00C003C9C7E /* CurrentChannelView.swift */ = {isa = PBXFileReference; lastKnownFileType = sourcecode.swift; path = CurrentChannelView.swift; sourceTree = "<group>"; };
		A6427BC02C8EC039003C9C7E /* ChannelListView.swift */ = {isa = PBXFileReference; lastKnownFileType = sourcecode.swift; path = ChannelListView.swift; sourceTree = "<group>"; };
/* End PBXFileReference section */

/* Begin PBXFrameworksBuildPhase section */
		A62476582C8A8ED3006004FE /* Frameworks */ = {
			isa = PBXFrameworksBuildPhase;
			buildActionMask = 2147483647;
			files = (
				A6427BB92C8EB8BB003C9C7E /* LionCastCore in Frameworks */,
			);
			runOnlyForDeploymentPostprocessing = 0;
		};
/* End PBXFrameworksBuildPhase section */

/* Begin PBXGroup section */
		A62476522C8A8ED3006004FE = {
			isa = PBXGroup;
			children = (
				A624765D2C8A8ED3006004FE /* LionCastTV */,
				A624765C2C8A8ED3006004FE /* Products */,
				A6427BB72C8EB8BB003C9C7E /* Frameworks */,
			);
			sourceTree = "<group>";
		};
		A624765C2C8A8ED3006004FE /* Products */ = {
			isa = PBXGroup;
			children = (
				A624765B2C8A8ED3006004FE /* LionCastTV.app */,
			);
			name = Products;
			sourceTree = "<group>";
		};
		A624765D2C8A8ED3006004FE /* LionCastTV */ = {
			isa = PBXGroup;
			children = (
				A624765E2C8A8ED3006004FE /* LionCastTVApp.swift */,
				A62476602C8A8ED3006004FE /* ContentView.swift */,
				A6427BBA2C8EB97E003C9C7E /* ChannelView.swift */,
				A6427BBE2C8EC00C003C9C7E /* CurrentChannelView.swift */,
				A6427BC02C8EC039003C9C7E /* ChannelListView.swift */,
				A6427BBC2C8EBDA9003C9C7E /* PlayerView.swift */,
				A62476622C8A8ED3006004FE /* Assets.xcassets */,
				A62476642C8A8ED3006004FE /* Preview Content */,
			);
			path = LionCastTV;
			sourceTree = "<group>";
		};
		A62476642C8A8ED3006004FE /* Preview Content */ = {
			isa = PBXGroup;
			children = (
				A62476652C8A8ED3006004FE /* Preview Assets.xcassets */,
			);
			path = "Preview Content";
			sourceTree = "<group>";
		};
		A6427BB72C8EB8BB003C9C7E /* Frameworks */ = {
			isa = PBXGroup;
			children = (
			);
			name = Frameworks;
			sourceTree = "<group>";
		};
/* End PBXGroup section */

/* Begin PBXNativeTarget section */
		A624765A2C8A8ED3006004FE /* LionCastTV */ = {
			isa = PBXNativeTarget;
			buildConfigurationList = A62476692C8A8ED3006004FE /* Build configuration list for PBXNativeTarget "LionCastTV" */;
			buildPhases = (
				A62476572C8A8ED3006004FE /* Sources */,
				A62476582C8A8ED3006004FE /* Frameworks */,
				A62476592C8A8ED3006004FE /* Resources */,
			);
			buildRules = (
			);
			dependencies = (
			);
			name = LionCastTV;
			packageProductDependencies = (
				A6427BB82C8EB8BB003C9C7E /* LionCastCore */,
			);
			productName = LionCastTV;
			productReference = A624765B2C8A8ED3006004FE /* LionCastTV.app */;
			productType = "com.apple.product-type.application";
		};
/* End PBXNativeTarget section */

/* Begin PBXProject section */
		A62476532C8A8ED3006004FE /* Project object */ = {
			isa = PBXProject;
			attributes = {
				BuildIndependentTargetsInParallel = 1;
				LastSwiftUpdateCheck = 1540;
				LastUpgradeCheck = 1540;
				TargetAttributes = {
					A624765A2C8A8ED3006004FE = {
						CreatedOnToolsVersion = 15.4;
					};
				};
			};
			buildConfigurationList = A62476562C8A8ED3006004FE /* Build configuration list for PBXProject "LionCastTV" */;
			compatibilityVersion = "Xcode 14.0";
			developmentRegion = en;
			hasScannedForEncodings = 0;
			knownRegions = (
				en,
				Base,
			);
			mainGroup = A62476522C8A8ED3006004FE;
			productRefGroup = A624765C2C8A8ED3006004FE /* Products */;
			projectDirPath = "";
			projectRoot = "";
			targets = (
				A624765A2C8A8ED3006004FE /* LionCastTV */,
			);
		};
/* End PBXProject section */

/* Begin PBXResourcesBuildPhase section */
		A62476592C8A8ED3006004FE /* Resources */ = {
			isa = PBXResourcesBuildPhase;
			buildActionMask = 2147483647;
			files = (
				A62476662C8A8ED3006004FE /* Preview Assets.xcassets in Resources */,
				A62476632C8A8ED3006004FE /* Assets.xcassets in Resources */,
			);
			runOnlyForDeploymentPostprocessing = 0;
		};
/* End PBXResourcesBuildPhase section */

/* Begin PBXSourcesBuildPhase section */
		A62476572C8A8ED3006004FE /* Sources */ = {
			isa = PBXSourcesBuildPhase;
			buildActionMask = 2147483647;
			files = (
				A6427BBF2C8EC00C003C9C7E /* CurrentChannelView.swift in Sources */,
				A6427BBB2C8EB97E003C9C7E /* ChannelView.swift in Sources */,
				A6427BC12C8EC039003C9C7E /* ChannelListView.swift in Sources */,
				A62476612C8A8ED3006004FE /* ContentView.swift in Sources */,
				A624765F2C8A8ED3006004FE /* LionCastTVApp.swift in Sources */,
				A6427BBD2C8EBDA9003C9C7E /* PlayerView.swift in Sources */,
			);
			runOnlyForDeploymentPostprocessing = 0;
		};
/* End PBXSourcesBuildPhase section */

/* Begin XCBuildConfiguration section */
		A62476672C8A8ED3006004FE /* Debug */ = {
			isa = XCBuildConfiguration;
			buildSettings = {
				ALWAYS_SEARCH_USER_PATHS = NO;
				ASSETCATALOG_COMPILER_GENERATE_SWIFT_ASSET_SYMBOL_EXTENSIONS = YES;
				CLANG_ANALYZER_NONNULL = YES;
				CLANG_ANALYZER_NUMBER_OBJECT_CONVERSION = YES_AGGRESSIVE;
				CLANG_CXX_LANGUAGE_STANDARD = "gnu++20";
				CLANG_ENABLE_MODULES = YES;
				CLANG_ENABLE_OBJC_ARC = YES;
				CLANG_ENABLE_OBJC_WEAK = YES;
				CLANG_WARN_BLOCK_CAPTURE_AUTORELEASING = YES;
				CLANG_WARN_BOOL_CONVERSION = YES;
				CLANG_WARN_COMMA = YES;
				CLANG_WARN_CONSTANT_CONVERSION = YES;
				CLANG_WARN_DEPRECATED_OBJC_IMPLEMENTATIONS = YES;
				CLANG_WARN_DIRECT_OBJC_ISA_USAGE = YES_ERROR;
				CLANG_WARN_DOCUMENTATION_COMMENTS = YES;
				CLANG_WARN_EMPTY_BODY = YES;
				CLANG_WARN_ENUM_CONVERSION = YES;
				CLANG_WARN_INFINITE_RECURSION = YES;
				CLANG_WARN_INT_CONVERSION = YES;
				CLANG_WARN_NON_LITERAL_NULL_CONVERSION = YES;
				CLANG_WARN_OBJC_IMPLICIT_RETAIN_SELF = YES;
				CLANG_WARN_OBJC_LITERAL_CONVERSION = YES;
				CLANG_WARN_OBJC_ROOT_CLASS = YES_ERROR;
				CLANG_WARN_QUOTED_INCLUDE_IN_FRAMEWORK_HEADER = YES;
				CLANG_WARN_RANGE_LOOP_ANALYSIS = YES;
				CLANG_WARN_STRICT_PROTOTYPES = YES;
				CLANG_WARN_SUSPICIOUS_MOVE = YES;
				CLANG_WARN_UNGUARDED_AVAILABILITY = YES_AGGRESSIVE;
				CLANG_WARN_UNREACHABLE_CODE = YES;
				CLANG_WARN__DUPLICATE_METHOD_MATCH = YES;
				COPY_PHASE_STRIP = NO;
				DEBUG_INFORMATION_FORMAT = dwarf;
				ENABLE_STRICT_OBJC_MSGSEND = YES;
				ENABLE_TESTABILITY = YES;
				ENABLE_USER_SCRIPT_SANDBOXING = YES;
				GCC_C_LANGUAGE_STANDARD = gnu17;
				GCC_DYNAMIC_NO_PIC = NO;
				GCC_NO_COMMON_BLOCKS = YES;
				GCC_OPTIMIZATION_LEVEL = 0;
				GCC_PREPROCESSOR_DEFINITIONS = (
					"DEBUG=1",
					"$(inherited)",
				);
				GCC_WARN_64_TO_32_BIT_CONVERSION = YES;
				GCC_WARN_ABOUT_RETURN_TYPE = YES_ERROR;
				GCC_WARN_UNDECLARED_SELECTOR = YES;
				GCC_WARN_UNINITIALIZED_AUTOS = YES_AGGRESSIVE;
				GCC_WARN_UNUSED_FUNCTION = YES;
				GCC_WARN_UNUSED_VARIABLE = YES;
				LOCALIZATION_PREFERS_STRING_CATALOGS = YES;
				MTL_ENABLE_DEBUG_INFO = INCLUDE_SOURCE;
				MTL_FAST_MATH = YES;
				ONLY_ACTIVE_ARCH = YES;
				SDKROOT = appletvos;
				SWIFT_ACTIVE_COMPILATION_CONDITIONS = "DEBUG $(inherited)";
				SWIFT_OPTIMIZATION_LEVEL = "-Onone";
				TVOS_DEPLOYMENT_TARGET = 17.5;
			};
			name = Debug;
		};
		A62476682C8A8ED3006004FE /* Release */ = {
			isa = XCBuildConfiguration;
			buildSettings = {
				ALWAYS_SEARCH_USER_PATHS = NO;
				ASSETCATALOG_COMPILER_GENERATE_SWIFT_ASSET_SYMBOL_EXTENSIONS = YES;
				CLANG_ANALYZER_NONNULL = YES;
				CLANG_ANALYZER_NUMBER_OBJECT_CONVERSION = YES_AGGRESSIVE;
				CLANG_CXX_LANGUAGE_STANDARD = "gnu++20";
				CLANG_ENABLE_MODULES = YES;
				CLANG_ENABLE_OBJC_ARC = YES;
				CLANG_ENABLE_OBJC_WEAK = YES;
				CLANG_WARN_BLOCK_CAPTURE_AUTORELEASING = YES;
				CLANG_WARN_BOOL_CONVERSION = YES;
				CLANG_WARN_COMMA = YES;
				CLANG_WARN_CONSTANT_CONVERSION = YES;
				CLANG_WARN_DEPRECATED_OBJC_IMPLEMENTATIONS = YES;
				CLANG_WARN_DIRECT_OBJC_ISA_USAGE = YES_ERROR;
				CLANG_WARN_DOCUMENTATION_COMMENTS = YES;
				CLANG_WARN_EMPTY_BODY = YES;
				CLANG_WARN_ENUM_CONVERSION = YES;
				CLANG_WARN_INFINITE_RECURSION = YES;
				CLANG_WARN_INT_CONVERSION = YES;
				CLANG_WARN_NON_LITERAL_NULL_CONVERSION = YES;
				CLANG_WARN_OBJC_IMPLICIT_RETAIN_SELF = YES;
				CLANG_WARN_OBJC_LITERAL_CONVERSION = YES;
				CLANG_WARN_OBJC_ROOT_CLASS = YES_ERROR;
				CLANG_WARN_QUOTED_INCLUDE_IN_FRAMEWORK_HEADER = YES;
				CLANG_WARN_RANGE_LOOP_ANALYSIS = YES;
				CLANG_WARN_STRICT_PROTOTYPES = YES;
				CLANG_WARN_SUSPICIOUS_MOVE = YES;
				CLANG_WARN_UNGUARDED_AVAILABILITY = YES_AGGRESSIVE;
				CLANG_WARN_UNREACHABLE_CODE = YES;
				CLANG_WARN__DUPLICATE_METHOD_MATCH = YES;
				COPY_PHASE_STRIP = NO;
				DEBUG_INFORMATION_FORMAT = "dwarf-with-dsym";
				ENABLE_NS_ASSERTIONS = NO;
				ENABLE_STRICT_OBJC_MSGSEND = YES;
				ENABLE_USER_SCRIPT_SANDBOXING = YES;
				GCC_C_LANGUAGE_STANDARD = gnu17;
				GCC_NO_COMMON_BLOCKS = YES;
				GCC_WARN_64_TO_32_BIT_CONVERSION = YES;
				GCC_WARN_ABOUT_RETURN_TYPE = YES_ERROR;
				GCC_WARN_UNDECLARED_SELECTOR = YES;
				GCC_WARN_UNINITIALIZED_AUTOS = YES_AGGRESSIVE;
				GCC_WARN_UNUSED_FUNCTION = YES;
				GCC_WARN_UNUSED_VARIABLE = YES;
				LOCALIZATION_PREFERS_STRING_CATALOGS = YES;
				MTL_ENABLE_DEBUG_INFO = NO;
				MTL_FAST_MATH = YES;
				SDKROOT = appletvos;
				SWIFT_COMPILATION_MODE = wholemodule;
				TVOS_DEPLOYMENT_TARGET = 17.5;
				VALIDATE_PRODUCT = YES;
			};
			name = Release;
		};
		A624766A2C8A8ED3006004FE /* Debug */ = {
			isa = XCBuildConfiguration;
			buildSettings = {
				ASSETCATALOG_COMPILER_APPICON_NAME = "App Icon & Top Shelf Image";
				ASSETCATALOG_COMPILER_GLOBAL_ACCENT_COLOR_NAME = AccentColor;
				CODE_SIGN_STYLE = Automatic;
				CURRENT_PROJECT_VERSION = 1;
				DEVELOPMENT_ASSET_PATHS = "\"LionCastTV/Preview Content\"";
				DEVELOPMENT_TEAM = 6R3M7VGRP2;
				ENABLE_PREVIEWS = YES;
				GENERATE_INFOPLIST_FILE = YES;
				INFOPLIST_KEY_UILaunchScreen_Generation = YES;
				INFOPLIST_KEY_UIUserInterfaceStyle = Automatic;
				LD_RUNPATH_SEARCH_PATHS = (
					"$(inherited)",
					"@executable_path/Frameworks",
				);
				MARKETING_VERSION = 1.0;
				PRODUCT_BUNDLE_IDENTIFIER = net.likelion.LionCastTV;
				PRODUCT_NAME = "$(TARGET_NAME)";
				SWIFT_EMIT_LOC_STRINGS = YES;
				SWIFT_VERSION = 5.0;
				TARGETED_DEVICE_FAMILY = 3;
			};
			name = Debug;
		};
		A624766B2C8A8ED3006004FE /* Release */ = {
			isa = XCBuildConfiguration;
			buildSettings = {
				ASSETCATALOG_COMPILER_APPICON_NAME = "App Icon & Top Shelf Image";
				ASSETCATALOG_COMPILER_GLOBAL_ACCENT_COLOR_NAME = AccentColor;
				CODE_SIGN_STYLE = Automatic;
				CURRENT_PROJECT_VERSION = 1;
				DEVELOPMENT_ASSET_PATHS = "\"LionCastTV/Preview Content\"";
				DEVELOPMENT_TEAM = 6R3M7VGRP2;
				ENABLE_PREVIEWS = YES;
				GENERATE_INFOPLIST_FILE = YES;
				INFOPLIST_KEY_UILaunchScreen_Generation = YES;
				INFOPLIST_KEY_UIUserInterfaceStyle = Automatic;
				LD_RUNPATH_SEARCH_PATHS = (
					"$(inherited)",
					"@executable_path/Frameworks",
				);
				MARKETING_VERSION = 1.0;
				PRODUCT_BUNDLE_IDENTIFIER = net.likelion.LionCastTV;
				PRODUCT_NAME = "$(TARGET_NAME)";
				SWIFT_EMIT_LOC_STRINGS = YES;
				SWIFT_VERSION = 5.0;
				TARGETED_DEVICE_FAMILY = 3;
			};
			name = Release;
		};
/* End XCBuildConfiguration section */

/* Begin XCConfigurationList section */
		A62476562C8A8ED3006004FE /* Build configuration list for PBXProject "LionCastTV" */ = {
			isa = XCConfigurationList;
			buildConfigurations = (
				A62476672C8A8ED3006004FE /* Debug */,
				A62476682C8A8ED3006004FE /* Release */,
			);
			defaultConfigurationIsVisible = 0;
			defaultConfigurationName = Release;
		};
		A62476692C8A8ED3006004FE /* Build configuration list for PBXNativeTarget "LionCastTV" */ = {
			isa = XCConfigurationList;
			buildConfigurations = (
				A624766A2C8A8ED3006004FE /* Debug */,
				A624766B2C8A8ED3006004FE /* Release */,
			);
			defaultConfigurationIsVisible = 0;
			defaultConfigurationName = Release;
		};
/* End XCConfigurationList section */

/* Begin XCSwiftPackageProductDependency section */
		A6427BB82C8EB8BB003C9C7E /* LionCastCore */ = {
			isa = XCSwiftPackageProductDependency;
			productName = LionCastCore;
		};
/* End XCSwiftPackageProductDependency section */
	};
	rootObject = A62476532C8A8ED3006004FE /* Project object */;
}
