// !$*UTF8*$!
{
	archiveVersion = 1;
	classes = {
	};
	objectVersion = 56;
	objects = {

/* Begin PBXBuildFile section */
		A66306032C58ABC20097840D /* AppDelegate.swift in Sources */ = {isa = PBXBuildFile; fileRef = A66306022C58ABC20097840D /* AppDelegate.swift */; };
		A66306052C58ABC20097840D /* SceneDelegate.swift in Sources */ = {isa = PBXBuildFile; fileRef = A66306042C58ABC20097840D /* SceneDelegate.swift */; };
		A663060A2C58ABC20097840D /* Base in Resources */ = {isa = PBXBuildFile; fileRef = A66306092C58ABC20097840D /* Base */; };
		A663060C2C58ABC30097840D /* Assets.xcassets in Resources */ = {isa = PBXBuildFile; fileRef = A663060B2C58ABC30097840D /* Assets.xcassets */; };
		A663060F2C58ABC30097840D /* Base in Resources */ = {isa = PBXBuildFile; fileRef = A663060E2C58ABC30097840D /* Base */; };
		A66306172C58AC320097840D /* Tour.swift in Sources */ = {isa = PBXBuildFile; fileRef = A66306162C58AC320097840D /* Tour.swift */; };
		A66306192C58ACE10097840D /* TourManager.swift in Sources */ = {isa = PBXBuildFile; fileRef = A66306182C58ACE10097840D /* TourManager.swift */; };
		A663061E2C58B0B70097840D /* MemberViewController.swift in Sources */ = {isa = PBXBuildFile; fileRef = A663061D2C58B0B70097840D /* MemberViewController.swift */; };
		A66306202C58B0F20097840D /* InfoViewController.swift in Sources */ = {isa = PBXBuildFile; fileRef = A663061F2C58B0F20097840D /* InfoViewController.swift */; };
		A66306222C58BE3B0097840D /* ToursTableViewController.swift in Sources */ = {isa = PBXBuildFile; fileRef = A66306212C58BE3B0097840D /* ToursTableViewController.swift */; };
/* End PBXBuildFile section */

/* Begin PBXFileReference section */
		A66305FF2C58ABC20097840D /* TouristKVO.app */ = {isa = PBXFileReference; explicitFileType = wrapper.application; includeInIndex = 0; path = TouristKVO.app; sourceTree = BUILT_PRODUCTS_DIR; };
		A66306022C58ABC20097840D /* AppDelegate.swift */ = {isa = PBXFileReference; lastKnownFileType = sourcecode.swift; path = AppDelegate.swift; sourceTree = "<group>"; };
		A66306042C58ABC20097840D /* SceneDelegate.swift */ = {isa = PBXFileReference; lastKnownFileType = sourcecode.swift; path = SceneDelegate.swift; sourceTree = "<group>"; };
		A66306092C58ABC20097840D /* Base */ = {isa = PBXFileReference; lastKnownFileType = file.storyboard; name = Base; path = Base.lproj/Main.storyboard; sourceTree = "<group>"; };
		A663060B2C58ABC30097840D /* Assets.xcassets */ = {isa = PBXFileReference; lastKnownFileType = folder.assetcatalog; path = Assets.xcassets; sourceTree = "<group>"; };
		A663060E2C58ABC30097840D /* Base */ = {isa = PBXFileReference; lastKnownFileType = file.storyboard; name = Base; path = Base.lproj/LaunchScreen.storyboard; sourceTree = "<group>"; };
		A66306102C58ABC30097840D /* Info.plist */ = {isa = PBXFileReference; lastKnownFileType = text.plist.xml; path = Info.plist; sourceTree = "<group>"; };
		A66306162C58AC320097840D /* Tour.swift */ = {isa = PBXFileReference; lastKnownFileType = sourcecode.swift; path = Tour.swift; sourceTree = "<group>"; };
		A66306182C58ACE10097840D /* TourManager.swift */ = {isa = PBXFileReference; lastKnownFileType = sourcecode.swift; path = TourManager.swift; sourceTree = "<group>"; };
		A663061D2C58B0B70097840D /* MemberViewController.swift */ = {isa = PBXFileReference; lastKnownFileType = sourcecode.swift; path = MemberViewController.swift; sourceTree = "<group>"; };
		A663061F2C58B0F20097840D /* InfoViewController.swift */ = {isa = PBXFileReference; lastKnownFileType = sourcecode.swift; path = InfoViewController.swift; sourceTree = "<group>"; };
		A66306212C58BE3B0097840D /* ToursTableViewController.swift */ = {isa = PBXFileReference; lastKnownFileType = sourcecode.swift; path = ToursTableViewController.swift; sourceTree = "<group>"; };
/* End PBXFileReference section */

/* Begin PBXFrameworksBuildPhase section */
		A66305FC2C58ABC20097840D /* Frameworks */ = {
			isa = PBXFrameworksBuildPhase;
			buildActionMask = 2147483647;
			files = (
			);
			runOnlyForDeploymentPostprocessing = 0;
		};
/* End PBXFrameworksBuildPhase section */

/* Begin PBXGroup section */
		A66305F62C58ABC20097840D = {
			isa = PBXGroup;
			children = (
				A66306012C58ABC20097840D /* TouristKVO */,
				A66306002C58ABC20097840D /* Products */,
			);
			sourceTree = "<group>";
		};
		A66306002C58ABC20097840D /* Products */ = {
			isa = PBXGroup;
			children = (
				A66305FF2C58ABC20097840D /* TouristKVO.app */,
			);
			name = Products;
			sourceTree = "<group>";
		};
		A66306012C58ABC20097840D /* TouristKVO */ = {
			isa = PBXGroup;
			children = (
				A66306022C58ABC20097840D /* AppDelegate.swift */,
				A66306042C58ABC20097840D /* SceneDelegate.swift */,
				A663061A2C58AF0F0097840D /* Model */,
				A663061C2C58AF3B0097840D /* View */,
				A663061B2C58AF1F0097840D /* Controller */,
				A663060B2C58ABC30097840D /* Assets.xcassets */,
				A66306102C58ABC30097840D /* Info.plist */,
			);
			path = TouristKVO;
			sourceTree = "<group>";
		};
		A663061A2C58AF0F0097840D /* Model */ = {
			isa = PBXGroup;
			children = (
				A66306162C58AC320097840D /* Tour.swift */,
				A66306182C58ACE10097840D /* TourManager.swift */,
			);
			path = Model;
			sourceTree = "<group>";
		};
		A663061B2C58AF1F0097840D /* Controller */ = {
			isa = PBXGroup;
			children = (
				A663061D2C58B0B70097840D /* MemberViewController.swift */,
				A663061F2C58B0F20097840D /* InfoViewController.swift */,
				A66306212C58BE3B0097840D /* ToursTableViewController.swift */,
			);
			path = Controller;
			sourceTree = "<group>";
		};
		A663061C2C58AF3B0097840D /* View */ = {
			isa = PBXGroup;
			children = (
				A663060D2C58ABC30097840D /* LaunchScreen.storyboard */,
				A66306082C58ABC20097840D /* Main.storyboard */,
			);
			path = View;
			sourceTree = "<group>";
		};
/* End PBXGroup section */

/* Begin PBXNativeTarget section */
		A66305FE2C58ABC20097840D /* TouristKVO */ = {
			isa = PBXNativeTarget;
			buildConfigurationList = A66306132C58ABC30097840D /* Build configuration list for PBXNativeTarget "TouristKVO" */;
			buildPhases = (
				A66305FB2C58ABC20097840D /* Sources */,
				A66305FC2C58ABC20097840D /* Frameworks */,
				A66305FD2C58ABC20097840D /* Resources */,
			);
			buildRules = (
			);
			dependencies = (
			);
			name = TouristKVO;
			productName = TouristKVO;
			productReference = A66305FF2C58ABC20097840D /* TouristKVO.app */;
			productType = "com.apple.product-type.application";
		};
/* End PBXNativeTarget section */

/* Begin PBXProject section */
		A66305F72C58ABC20097840D /* Project object */ = {
			isa = PBXProject;
			attributes = {
				BuildIndependentTargetsInParallel = 1;
				LastSwiftUpdateCheck = 1540;
				LastUpgradeCheck = 1540;
				TargetAttributes = {
					A66305FE2C58ABC20097840D = {
						CreatedOnToolsVersion = 15.4;
					};
				};
			};
			buildConfigurationList = A66305FA2C58ABC20097840D /* Build configuration list for PBXProject "TouristKVO" */;
			compatibilityVersion = "Xcode 14.0";
			developmentRegion = en;
			hasScannedForEncodings = 0;
			knownRegions = (
				en,
				Base,
			);
			mainGroup = A66305F62C58ABC20097840D;
			productRefGroup = A66306002C58ABC20097840D /* Products */;
			projectDirPath = "";
			projectRoot = "";
			targets = (
				A66305FE2C58ABC20097840D /* TouristKVO */,
			);
		};
/* End PBXProject section */

/* Begin PBXResourcesBuildPhase section */
		A66305FD2C58ABC20097840D /* Resources */ = {
			isa = PBXResourcesBuildPhase;
			buildActionMask = 2147483647;
			files = (
				A663060C2C58ABC30097840D /* Assets.xcassets in Resources */,
				A663060F2C58ABC30097840D /* Base in Resources */,
				A663060A2C58ABC20097840D /* Base in Resources */,
			);
			runOnlyForDeploymentPostprocessing = 0;
		};
/* End PBXResourcesBuildPhase section */

/* Begin PBXSourcesBuildPhase section */
		A66305FB2C58ABC20097840D /* Sources */ = {
			isa = PBXSourcesBuildPhase;
			buildActionMask = 2147483647;
			files = (
				A663061E2C58B0B70097840D /* MemberViewController.swift in Sources */,
				A66306032C58ABC20097840D /* AppDelegate.swift in Sources */,
				A66306222C58BE3B0097840D /* ToursTableViewController.swift in Sources */,
				A66306202C58B0F20097840D /* InfoViewController.swift in Sources */,
				A66306192C58ACE10097840D /* TourManager.swift in Sources */,
				A66306052C58ABC20097840D /* SceneDelegate.swift in Sources */,
				A66306172C58AC320097840D /* Tour.swift in Sources */,
			);
			runOnlyForDeploymentPostprocessing = 0;
		};
/* End PBXSourcesBuildPhase section */

/* Begin PBXVariantGroup section */
		A66306082C58ABC20097840D /* Main.storyboard */ = {
			isa = PBXVariantGroup;
			children = (
				A66306092C58ABC20097840D /* Base */,
			);
			name = Main.storyboard;
			sourceTree = "<group>";
		};
		A663060D2C58ABC30097840D /* LaunchScreen.storyboard */ = {
			isa = PBXVariantGroup;
			children = (
				A663060E2C58ABC30097840D /* Base */,
			);
			name = LaunchScreen.storyboard;
			sourceTree = "<group>";
		};
/* End PBXVariantGroup section */

/* Begin XCBuildConfiguration section */
		A66306112C58ABC30097840D /* Debug */ = {
			isa = XCBuildConfiguration;
			buildSettings = {
				ALWAYS_SEARCH_USER_PATHS = NO;
				ASSETCATALOG_COMPILER_GENERATE_SWIFT_ASSET_SYMBOL_EXTENSIONS = YES;
				CLANG_ANALYZER_NONNULL = YES;
				CLANG_ANALYZER_NUMBER_OBJECT_CONVERSION = YES_AGGRESSIVE;
				CLANG_CXX_LANGUAGE_STANDARD = "gnu++20";
				CLANG_ENABLE_MODULES = YES;
				CLANG_ENABLE_OBJC_ARC = YES;
				CLANG_ENABLE_OBJC_WEAK = YES;
				CLANG_WARN_BLOCK_CAPTURE_AUTORELEASING = YES;
				CLANG_WARN_BOOL_CONVERSION = YES;
				CLANG_WARN_COMMA = YES;
				CLANG_WARN_CONSTANT_CONVERSION = YES;
				CLANG_WARN_DEPRECATED_OBJC_IMPLEMENTATIONS = YES;
				CLANG_WARN_DIRECT_OBJC_ISA_USAGE = YES_ERROR;
				CLANG_WARN_DOCUMENTATION_COMMENTS = YES;
				CLANG_WARN_EMPTY_BODY = YES;
				CLANG_WARN_ENUM_CONVERSION = YES;
				CLANG_WARN_INFINITE_RECURSION = YES;
				CLANG_WARN_INT_CONVERSION = YES;
				CLANG_WARN_NON_LITERAL_NULL_CONVERSION = YES;
				CLANG_WARN_OBJC_IMPLICIT_RETAIN_SELF = YES;
				CLANG_WARN_OBJC_LITERAL_CONVERSION = YES;
				CLANG_WARN_OBJC_ROOT_CLASS = YES_ERROR;
				CLANG_WARN_QUOTED_INCLUDE_IN_FRAMEWORK_HEADER = YES;
				CLANG_WARN_RANGE_LOOP_ANALYSIS = YES;
				CLANG_WARN_STRICT_PROTOTYPES = YES;
				CLANG_WARN_SUSPICIOUS_MOVE = YES;
				CLANG_WARN_UNGUARDED_AVAILABILITY = YES_AGGRESSIVE;
				CLANG_WARN_UNREACHABLE_CODE = YES;
				CLANG_WARN__DUPLICATE_METHOD_MATCH = YES;
				COPY_PHASE_STRIP = NO;
				DEBUG_INFORMATION_FORMAT = dwarf;
				ENABLE_STRICT_OBJC_MSGSEND = YES;
				ENABLE_TESTABILITY = YES;
				ENABLE_USER_SCRIPT_SANDBOXING = YES;
				GCC_C_LANGUAGE_STANDARD = gnu17;
				GCC_DYNAMIC_NO_PIC = NO;
				GCC_NO_COMMON_BLOCKS = YES;
				GCC_OPTIMIZATION_LEVEL = 0;
				GCC_PREPROCESSOR_DEFINITIONS = (
					"DEBUG=1",
					"$(inherited)",
				);
				GCC_WARN_64_TO_32_BIT_CONVERSION = YES;
				GCC_WARN_ABOUT_RETURN_TYPE = YES_ERROR;
				GCC_WARN_UNDECLARED_SELECTOR = YES;
				GCC_WARN_UNINITIALIZED_AUTOS = YES_AGGRESSIVE;
				GCC_WARN_UNUSED_FUNCTION = YES;
				GCC_WARN_UNUSED_VARIABLE = YES;
				IPHONEOS_DEPLOYMENT_TARGET = 17.5;
				LOCALIZATION_PREFERS_STRING_CATALOGS = YES;
				MTL_ENABLE_DEBUG_INFO = INCLUDE_SOURCE;
				MTL_FAST_MATH = YES;
				ONLY_ACTIVE_ARCH = YES;
				SDKROOT = iphoneos;
				SWIFT_ACTIVE_COMPILATION_CONDITIONS = "DEBUG $(inherited)";
				SWIFT_OPTIMIZATION_LEVEL = "-Onone";
			};
			name = Debug;
		};
		A66306122C58ABC30097840D /* Release */ = {
			isa = XCBuildConfiguration;
			buildSettings = {
				ALWAYS_SEARCH_USER_PATHS = NO;
				ASSETCATALOG_COMPILER_GENERATE_SWIFT_ASSET_SYMBOL_EXTENSIONS = YES;
				CLANG_ANALYZER_NONNULL = YES;
				CLANG_ANALYZER_NUMBER_OBJECT_CONVERSION = YES_AGGRESSIVE;
				CLANG_CXX_LANGUAGE_STANDARD = "gnu++20";
				CLANG_ENABLE_MODULES = YES;
				CLANG_ENABLE_OBJC_ARC = YES;
				CLANG_ENABLE_OBJC_WEAK = YES;
				CLANG_WARN_BLOCK_CAPTURE_AUTORELEASING = YES;
				CLANG_WARN_BOOL_CONVERSION = YES;
				CLANG_WARN_COMMA = YES;
				CLANG_WARN_CONSTANT_CONVERSION = YES;
				CLANG_WARN_DEPRECATED_OBJC_IMPLEMENTATIONS = YES;
				CLANG_WARN_DIRECT_OBJC_ISA_USAGE = YES_ERROR;
				CLANG_WARN_DOCUMENTATION_COMMENTS = YES;
				CLANG_WARN_EMPTY_BODY = YES;
				CLANG_WARN_ENUM_CONVERSION = YES;
				CLANG_WARN_INFINITE_RECURSION = YES;
				CLANG_WARN_INT_CONVERSION = YES;
				CLANG_WARN_NON_LITERAL_NULL_CONVERSION = YES;
				CLANG_WARN_OBJC_IMPLICIT_RETAIN_SELF = YES;
				CLANG_WARN_OBJC_LITERAL_CONVERSION = YES;
				CLANG_WARN_OBJC_ROOT_CLASS = YES_ERROR;
				CLANG_WARN_QUOTED_INCLUDE_IN_FRAMEWORK_HEADER = YES;
				CLANG_WARN_RANGE_LOOP_ANALYSIS = YES;
				CLANG_WARN_STRICT_PROTOTYPES = YES;
				CLANG_WARN_SUSPICIOUS_MOVE = YES;
				CLANG_WARN_UNGUARDED_AVAILABILITY = YES_AGGRESSIVE;
				CLANG_WARN_UNREACHABLE_CODE = YES;
				CLANG_WARN__DUPLICATE_METHOD_MATCH = YES;
				COPY_PHASE_STRIP = NO;
				DEBUG_INFORMATION_FORMAT = "dwarf-with-dsym";
				ENABLE_NS_ASSERTIONS = NO;
				ENABLE_STRICT_OBJC_MSGSEND = YES;
				ENABLE_USER_SCRIPT_SANDBOXING = YES;
				GCC_C_LANGUAGE_STANDARD = gnu17;
				GCC_NO_COMMON_BLOCKS = YES;
				GCC_WARN_64_TO_32_BIT_CONVERSION = YES;
				GCC_WARN_ABOUT_RETURN_TYPE = YES_ERROR;
				GCC_WARN_UNDECLARED_SELECTOR = YES;
				GCC_WARN_UNINITIALIZED_AUTOS = YES_AGGRESSIVE;
				GCC_WARN_UNUSED_FUNCTION = YES;
				GCC_WARN_UNUSED_VARIABLE = YES;
				IPHONEOS_DEPLOYMENT_TARGET = 17.5;
				LOCALIZATION_PREFERS_STRING_CATALOGS = YES;
				MTL_ENABLE_DEBUG_INFO = NO;
				MTL_FAST_MATH = YES;
				SDKROOT = iphoneos;
				SWIFT_COMPILATION_MODE = wholemodule;
				VALIDATE_PRODUCT = YES;
			};
			name = Release;
		};
		A66306142C58ABC30097840D /* Debug */ = {
			isa = XCBuildConfiguration;
			buildSettings = {
				ASSETCATALOG_COMPILER_APPICON_NAME = AppIcon;
				ASSETCATALOG_COMPILER_GLOBAL_ACCENT_COLOR_NAME = AccentColor;
				CODE_SIGN_STYLE = Automatic;
				CURRENT_PROJECT_VERSION = 1;
				GENERATE_INFOPLIST_FILE = YES;
				INFOPLIST_FILE = TouristKVO/Info.plist;
				INFOPLIST_KEY_UIApplicationSupportsIndirectInputEvents = YES;
				INFOPLIST_KEY_UILaunchStoryboardName = LaunchScreen;
				INFOPLIST_KEY_UIMainStoryboardFile = Main;
				INFOPLIST_KEY_UISupportedInterfaceOrientations = UIInterfaceOrientationPortrait;
				INFOPLIST_KEY_UISupportedInterfaceOrientations_iPad = "UIInterfaceOrientationLandscapeLeft UIInterfaceOrientationLandscapeRight UIInterfaceOrientationPortrait UIInterfaceOrientationPortraitUpsideDown";
				LD_RUNPATH_SEARCH_PATHS = (
					"$(inherited)",
					"@executable_path/Frameworks",
				);
				MARKETING_VERSION = 1.0;
				PRODUCT_BUNDLE_IDENTIFIER = education.techit.TouristKVO;
				PRODUCT_NAME = "$(TARGET_NAME)";
				SUPPORTED_PLATFORMS = "iphoneos iphonesimulator";
				SUPPORTS_MACCATALYST = NO;
				SUPPORTS_MAC_DESIGNED_FOR_IPHONE_IPAD = NO;
				SUPPORTS_XR_DESIGNED_FOR_IPHONE_IPAD = NO;
				SWIFT_EMIT_LOC_STRINGS = YES;
				SWIFT_VERSION = 5.0;
				TARGETED_DEVICE_FAMILY = 1;
			};
			name = Debug;
		};
		A66306152C58ABC30097840D /* Release */ = {
			isa = XCBuildConfiguration;
			buildSettings = {
				ASSETCATALOG_COMPILER_APPICON_NAME = AppIcon;
				ASSETCATALOG_COMPILER_GLOBAL_ACCENT_COLOR_NAME = AccentColor;
				CODE_SIGN_STYLE = Automatic;
				CURRENT_PROJECT_VERSION = 1;
				GENERATE_INFOPLIST_FILE = YES;
				INFOPLIST_FILE = TouristKVO/Info.plist;
				INFOPLIST_KEY_UIApplicationSupportsIndirectInputEvents = YES;
				INFOPLIST_KEY_UILaunchStoryboardName = LaunchScreen;
				INFOPLIST_KEY_UIMainStoryboardFile = Main;
				INFOPLIST_KEY_UISupportedInterfaceOrientations = UIInterfaceOrientationPortrait;
				INFOPLIST_KEY_UISupportedInterfaceOrientations_iPad = "UIInterfaceOrientationLandscapeLeft UIInterfaceOrientationLandscapeRight UIInterfaceOrientationPortrait UIInterfaceOrientationPortraitUpsideDown";
				LD_RUNPATH_SEARCH_PATHS = (
					"$(inherited)",
					"@executable_path/Frameworks",
				);
				MARKETING_VERSION = 1.0;
				PRODUCT_BUNDLE_IDENTIFIER = education.techit.TouristKVO;
				PRODUCT_NAME = "$(TARGET_NAME)";
				SUPPORTED_PLATFORMS = "iphoneos iphonesimulator";
				SUPPORTS_MACCATALYST = NO;
				SUPPORTS_MAC_DESIGNED_FOR_IPHONE_IPAD = NO;
				SUPPORTS_XR_DESIGNED_FOR_IPHONE_IPAD = NO;
				SWIFT_EMIT_LOC_STRINGS = YES;
				SWIFT_VERSION = 5.0;
				TARGETED_DEVICE_FAMILY = 1;
			};
			name = Release;
		};
/* End XCBuildConfiguration section */

/* Begin XCConfigurationList section */
		A66305FA2C58ABC20097840D /* Build configuration list for PBXProject "TouristKVO" */ = {
			isa = XCConfigurationList;
			buildConfigurations = (
				A66306112C58ABC30097840D /* Debug */,
				A66306122C58ABC30097840D /* Release */,
			);
			defaultConfigurationIsVisible = 0;
			defaultConfigurationName = Release;
		};
		A66306132C58ABC30097840D /* Build configuration list for PBXNativeTarget "TouristKVO" */ = {
			isa = XCConfigurationList;
			buildConfigurations = (
				A66306142C58ABC30097840D /* Debug */,
				A66306152C58ABC30097840D /* Release */,
			);
			defaultConfigurationIsVisible = 0;
			defaultConfigurationName = Release;
		};
/* End XCConfigurationList section */
	};
	rootObject = A66305F72C58ABC20097840D /* Project object */;
}
