// !$*UTF8*$!
{
	archiveVersion = 1;
	classes = {
	};
	objectVersion = 56;
	objects = {

/* Begin PBXBuildFile section */
		A61563052C59FDFF002B6802 /* AppDelegate.swift in Sources */ = {isa = PBXBuildFile; fileRef = A61563042C59FDFF002B6802 /* AppDelegate.swift */; };
		A61563072C59FDFF002B6802 /* SceneDelegate.swift in Sources */ = {isa = PBXBuildFile; fileRef = A61563062C59FDFF002B6802 /* SceneDelegate.swift */; };
		A615630C2C59FDFF002B6802 /* Base in Resources */ = {isa = PBXBuildFile; fileRef = A615630B2C59FDFF002B6802 /* Base */; };
		A615630E2C59FE00002B6802 /* Assets.xcassets in Resources */ = {isa = PBXBuildFile; fileRef = A615630D2C59FE00002B6802 /* Assets.xcassets */; };
		A61563112C59FE00002B6802 /* Base in Resources */ = {isa = PBXBuildFile; fileRef = A61563102C59FE00002B6802 /* Base */; };
		A61563192C59FF87002B6802 /* LoginViewController.swift in Sources */ = {isa = PBXBuildFile; fileRef = A61563182C59FF87002B6802 /* LoginViewController.swift */; };
		A615631B2C59FFBF002B6802 /* HistoryViewController.swift in Sources */ = {isa = PBXBuildFile; fileRef = A615631A2C59FFBF002B6802 /* HistoryViewController.swift */; };
		A61563202C5A02CC002B6802 /* AuthModel.swift in Sources */ = {isa = PBXBuildFile; fileRef = A615631F2C5A02CC002B6802 /* AuthModel.swift */; };
		A61563222C5A0B35002B6802 /* AuthHistoryModel.swift in Sources */ = {isa = PBXBuildFile; fileRef = A61563212C5A0B35002B6802 /* AuthHistoryModel.swift */; };
/* End PBXBuildFile section */

/* Begin PBXFileReference section */
		A61563012C59FDFF002B6802 /* LoginCenter.app */ = {isa = PBXFileReference; explicitFileType = wrapper.application; includeInIndex = 0; path = LoginCenter.app; sourceTree = BUILT_PRODUCTS_DIR; };
		A61563042C59FDFF002B6802 /* AppDelegate.swift */ = {isa = PBXFileReference; lastKnownFileType = sourcecode.swift; path = AppDelegate.swift; sourceTree = "<group>"; };
		A61563062C59FDFF002B6802 /* SceneDelegate.swift */ = {isa = PBXFileReference; lastKnownFileType = sourcecode.swift; path = SceneDelegate.swift; sourceTree = "<group>"; };
		A615630B2C59FDFF002B6802 /* Base */ = {isa = PBXFileReference; lastKnownFileType = file.storyboard; name = Base; path = Base.lproj/Main.storyboard; sourceTree = "<group>"; };
		A615630D2C59FE00002B6802 /* Assets.xcassets */ = {isa = PBXFileReference; lastKnownFileType = folder.assetcatalog; path = Assets.xcassets; sourceTree = "<group>"; };
		A61563102C59FE00002B6802 /* Base */ = {isa = PBXFileReference; lastKnownFileType = file.storyboard; name = Base; path = Base.lproj/LaunchScreen.storyboard; sourceTree = "<group>"; };
		A61563122C59FE00002B6802 /* Info.plist */ = {isa = PBXFileReference; lastKnownFileType = text.plist.xml; path = Info.plist; sourceTree = "<group>"; };
		A61563182C59FF87002B6802 /* LoginViewController.swift */ = {isa = PBXFileReference; lastKnownFileType = sourcecode.swift; path = LoginViewController.swift; sourceTree = "<group>"; };
		A615631A2C59FFBF002B6802 /* HistoryViewController.swift */ = {isa = PBXFileReference; lastKnownFileType = sourcecode.swift; path = HistoryViewController.swift; sourceTree = "<group>"; };
		A615631F2C5A02CC002B6802 /* AuthModel.swift */ = {isa = PBXFileReference; lastKnownFileType = sourcecode.swift; path = AuthModel.swift; sourceTree = "<group>"; };
		A61563212C5A0B35002B6802 /* AuthHistoryModel.swift */ = {isa = PBXFileReference; lastKnownFileType = sourcecode.swift; path = AuthHistoryModel.swift; sourceTree = "<group>"; };
/* End PBXFileReference section */

/* Begin PBXFrameworksBuildPhase section */
		A61562FE2C59FDFF002B6802 /* Frameworks */ = {
			isa = PBXFrameworksBuildPhase;
			buildActionMask = 2147483647;
			files = (
			);
			runOnlyForDeploymentPostprocessing = 0;
		};
/* End PBXFrameworksBuildPhase section */

/* Begin PBXGroup section */
		A61562F82C59FDFF002B6802 = {
			isa = PBXGroup;
			children = (
				A61563032C59FDFF002B6802 /* LoginCenter */,
				A61563022C59FDFF002B6802 /* Products */,
			);
			sourceTree = "<group>";
		};
		A61563022C59FDFF002B6802 /* Products */ = {
			isa = PBXGroup;
			children = (
				A61563012C59FDFF002B6802 /* LoginCenter.app */,
			);
			name = Products;
			sourceTree = "<group>";
		};
		A61563032C59FDFF002B6802 /* LoginCenter */ = {
			isa = PBXGroup;
			children = (
				A61563042C59FDFF002B6802 /* AppDelegate.swift */,
				A61563062C59FDFF002B6802 /* SceneDelegate.swift */,
				A615631E2C5A02C2002B6802 /* Models */,
				A615631D2C5A0292002B6802 /* Views */,
				A615631C2C5A0285002B6802 /* ViewControllers */,
				A615630D2C59FE00002B6802 /* Assets.xcassets */,
				A61563122C59FE00002B6802 /* Info.plist */,
			);
			path = LoginCenter;
			sourceTree = "<group>";
		};
		A615631C2C5A0285002B6802 /* ViewControllers */ = {
			isa = PBXGroup;
			children = (
				A61563182C59FF87002B6802 /* LoginViewController.swift */,
				A615631A2C59FFBF002B6802 /* HistoryViewController.swift */,
			);
			path = ViewControllers;
			sourceTree = "<group>";
		};
		A615631D2C5A0292002B6802 /* Views */ = {
			isa = PBXGroup;
			children = (
				A615630F2C59FE00002B6802 /* LaunchScreen.storyboard */,
				A615630A2C59FDFF002B6802 /* Main.storyboard */,
			);
			path = Views;
			sourceTree = "<group>";
		};
		A615631E2C5A02C2002B6802 /* Models */ = {
			isa = PBXGroup;
			children = (
				A615631F2C5A02CC002B6802 /* AuthModel.swift */,
				A61563212C5A0B35002B6802 /* AuthHistoryModel.swift */,
			);
			path = Models;
			sourceTree = "<group>";
		};
/* End PBXGroup section */

/* Begin PBXNativeTarget section */
		A61563002C59FDFF002B6802 /* LoginCenter */ = {
			isa = PBXNativeTarget;
			buildConfigurationList = A61563152C59FE00002B6802 /* Build configuration list for PBXNativeTarget "LoginCenter" */;
			buildPhases = (
				A61562FD2C59FDFF002B6802 /* Sources */,
				A61562FE2C59FDFF002B6802 /* Frameworks */,
				A61562FF2C59FDFF002B6802 /* Resources */,
			);
			buildRules = (
			);
			dependencies = (
			);
			name = LoginCenter;
			productName = LoginCenter;
			productReference = A61563012C59FDFF002B6802 /* LoginCenter.app */;
			productType = "com.apple.product-type.application";
		};
/* End PBXNativeTarget section */

/* Begin PBXProject section */
		A61562F92C59FDFF002B6802 /* Project object */ = {
			isa = PBXProject;
			attributes = {
				BuildIndependentTargetsInParallel = 1;
				LastSwiftUpdateCheck = 1540;
				LastUpgradeCheck = 1540;
				TargetAttributes = {
					A61563002C59FDFF002B6802 = {
						CreatedOnToolsVersion = 15.4;
					};
				};
			};
			buildConfigurationList = A61562FC2C59FDFF002B6802 /* Build configuration list for PBXProject "LoginCenter" */;
			compatibilityVersion = "Xcode 14.0";
			developmentRegion = en;
			hasScannedForEncodings = 0;
			knownRegions = (
				en,
				Base,
			);
			mainGroup = A61562F82C59FDFF002B6802;
			productRefGroup = A61563022C59FDFF002B6802 /* Products */;
			projectDirPath = "";
			projectRoot = "";
			targets = (
				A61563002C59FDFF002B6802 /* LoginCenter */,
			);
		};
/* End PBXProject section */

/* Begin PBXResourcesBuildPhase section */
		A61562FF2C59FDFF002B6802 /* Resources */ = {
			isa = PBXResourcesBuildPhase;
			buildActionMask = 2147483647;
			files = (
				A615630E2C59FE00002B6802 /* Assets.xcassets in Resources */,
				A61563112C59FE00002B6802 /* Base in Resources */,
				A615630C2C59FDFF002B6802 /* Base in Resources */,
			);
			runOnlyForDeploymentPostprocessing = 0;
		};
/* End PBXResourcesBuildPhase section */

/* Begin PBXSourcesBuildPhase section */
		A61562FD2C59FDFF002B6802 /* Sources */ = {
			isa = PBXSourcesBuildPhase;
			buildActionMask = 2147483647;
			files = (
				A61563192C59FF87002B6802 /* LoginViewController.swift in Sources */,
				A61563052C59FDFF002B6802 /* AppDelegate.swift in Sources */,
				A61563072C59FDFF002B6802 /* SceneDelegate.swift in Sources */,
				A615631B2C59FFBF002B6802 /* HistoryViewController.swift in Sources */,
				A61563222C5A0B35002B6802 /* AuthHistoryModel.swift in Sources */,
				A61563202C5A02CC002B6802 /* AuthModel.swift in Sources */,
			);
			runOnlyForDeploymentPostprocessing = 0;
		};
/* End PBXSourcesBuildPhase section */

/* Begin PBXVariantGroup section */
		A615630A2C59FDFF002B6802 /* Main.storyboard */ = {
			isa = PBXVariantGroup;
			children = (
				A615630B2C59FDFF002B6802 /* Base */,
			);
			name = Main.storyboard;
			sourceTree = "<group>";
		};
		A615630F2C59FE00002B6802 /* LaunchScreen.storyboard */ = {
			isa = PBXVariantGroup;
			children = (
				A61563102C59FE00002B6802 /* Base */,
			);
			name = LaunchScreen.storyboard;
			sourceTree = "<group>";
		};
/* End PBXVariantGroup section */

/* Begin XCBuildConfiguration section */
		A61563132C59FE00002B6802 /* Debug */ = {
			isa = XCBuildConfiguration;
			buildSettings = {
				ALWAYS_SEARCH_USER_PATHS = NO;
				ASSETCATALOG_COMPILER_GENERATE_SWIFT_ASSET_SYMBOL_EXTENSIONS = YES;
				CLANG_ANALYZER_NONNULL = YES;
				CLANG_ANALYZER_NUMBER_OBJECT_CONVERSION = YES_AGGRESSIVE;
				CLANG_CXX_LANGUAGE_STANDARD = "gnu++20";
				CLANG_ENABLE_MODULES = YES;
				CLANG_ENABLE_OBJC_ARC = YES;
				CLANG_ENABLE_OBJC_WEAK = YES;
				CLANG_WARN_BLOCK_CAPTURE_AUTORELEASING = YES;
				CLANG_WARN_BOOL_CONVERSION = YES;
				CLANG_WARN_COMMA = YES;
				CLANG_WARN_CONSTANT_CONVERSION = YES;
				CLANG_WARN_DEPRECATED_OBJC_IMPLEMENTATIONS = YES;
				CLANG_WARN_DIRECT_OBJC_ISA_USAGE = YES_ERROR;
				CLANG_WARN_DOCUMENTATION_COMMENTS = YES;
				CLANG_WARN_EMPTY_BODY = YES;
				CLANG_WARN_ENUM_CONVERSION = YES;
				CLANG_WARN_INFINITE_RECURSION = YES;
				CLANG_WARN_INT_CONVERSION = YES;
				CLANG_WARN_NON_LITERAL_NULL_CONVERSION = YES;
				CLANG_WARN_OBJC_IMPLICIT_RETAIN_SELF = YES;
				CLANG_WARN_OBJC_LITERAL_CONVERSION = YES;
				CLANG_WARN_OBJC_ROOT_CLASS = YES_ERROR;
				CLANG_WARN_QUOTED_INCLUDE_IN_FRAMEWORK_HEADER = YES;
				CLANG_WARN_RANGE_LOOP_ANALYSIS = YES;
				CLANG_WARN_STRICT_PROTOTYPES = YES;
				CLANG_WARN_SUSPICIOUS_MOVE = YES;
				CLANG_WARN_UNGUARDED_AVAILABILITY = YES_AGGRESSIVE;
				CLANG_WARN_UNREACHABLE_CODE = YES;
				CLANG_WARN__DUPLICATE_METHOD_MATCH = YES;
				COPY_PHASE_STRIP = NO;
				DEBUG_INFORMATION_FORMAT = dwarf;
				ENABLE_STRICT_OBJC_MSGSEND = YES;
				ENABLE_TESTABILITY = YES;
				ENABLE_USER_SCRIPT_SANDBOXING = YES;
				GCC_C_LANGUAGE_STANDARD = gnu17;
				GCC_DYNAMIC_NO_PIC = NO;
				GCC_NO_COMMON_BLOCKS = YES;
				GCC_OPTIMIZATION_LEVEL = 0;
				GCC_PREPROCESSOR_DEFINITIONS = (
					"DEBUG=1",
					"$(inherited)",
				);
				GCC_WARN_64_TO_32_BIT_CONVERSION = YES;
				GCC_WARN_ABOUT_RETURN_TYPE = YES_ERROR;
				GCC_WARN_UNDECLARED_SELECTOR = YES;
				GCC_WARN_UNINITIALIZED_AUTOS = YES_AGGRESSIVE;
				GCC_WARN_UNUSED_FUNCTION = YES;
				GCC_WARN_UNUSED_VARIABLE = YES;
				IPHONEOS_DEPLOYMENT_TARGET = 17.5;
				LOCALIZATION_PREFERS_STRING_CATALOGS = YES;
				MTL_ENABLE_DEBUG_INFO = INCLUDE_SOURCE;
				MTL_FAST_MATH = YES;
				ONLY_ACTIVE_ARCH = YES;
				SDKROOT = iphoneos;
				SWIFT_ACTIVE_COMPILATION_CONDITIONS = "DEBUG $(inherited)";
				SWIFT_OPTIMIZATION_LEVEL = "-Onone";
			};
			name = Debug;
		};
		A61563142C59FE00002B6802 /* Release */ = {
			isa = XCBuildConfiguration;
			buildSettings = {
				ALWAYS_SEARCH_USER_PATHS = NO;
				ASSETCATALOG_COMPILER_GENERATE_SWIFT_ASSET_SYMBOL_EXTENSIONS = YES;
				CLANG_ANALYZER_NONNULL = YES;
				CLANG_ANALYZER_NUMBER_OBJECT_CONVERSION = YES_AGGRESSIVE;
				CLANG_CXX_LANGUAGE_STANDARD = "gnu++20";
				CLANG_ENABLE_MODULES = YES;
				CLANG_ENABLE_OBJC_ARC = YES;
				CLANG_ENABLE_OBJC_WEAK = YES;
				CLANG_WARN_BLOCK_CAPTURE_AUTORELEASING = YES;
				CLANG_WARN_BOOL_CONVERSION = YES;
				CLANG_WARN_COMMA = YES;
				CLANG_WARN_CONSTANT_CONVERSION = YES;
				CLANG_WARN_DEPRECATED_OBJC_IMPLEMENTATIONS = YES;
				CLANG_WARN_DIRECT_OBJC_ISA_USAGE = YES_ERROR;
				CLANG_WARN_DOCUMENTATION_COMMENTS = YES;
				CLANG_WARN_EMPTY_BODY = YES;
				CLANG_WARN_ENUM_CONVERSION = YES;
				CLANG_WARN_INFINITE_RECURSION = YES;
				CLANG_WARN_INT_CONVERSION = YES;
				CLANG_WARN_NON_LITERAL_NULL_CONVERSION = YES;
				CLANG_WARN_OBJC_IMPLICIT_RETAIN_SELF = YES;
				CLANG_WARN_OBJC_LITERAL_CONVERSION = YES;
				CLANG_WARN_OBJC_ROOT_CLASS = YES_ERROR;
				CLANG_WARN_QUOTED_INCLUDE_IN_FRAMEWORK_HEADER = YES;
				CLANG_WARN_RANGE_LOOP_ANALYSIS = YES;
				CLANG_WARN_STRICT_PROTOTYPES = YES;
				CLANG_WARN_SUSPICIOUS_MOVE = YES;
				CLANG_WARN_UNGUARDED_AVAILABILITY = YES_AGGRESSIVE;
				CLANG_WARN_UNREACHABLE_CODE = YES;
				CLANG_WARN__DUPLICATE_METHOD_MATCH = YES;
				COPY_PHASE_STRIP = NO;
				DEBUG_INFORMATION_FORMAT = "dwarf-with-dsym";
				ENABLE_NS_ASSERTIONS = NO;
				ENABLE_STRICT_OBJC_MSGSEND = YES;
				ENABLE_USER_SCRIPT_SANDBOXING = YES;
				GCC_C_LANGUAGE_STANDARD = gnu17;
				GCC_NO_COMMON_BLOCKS = YES;
				GCC_WARN_64_TO_32_BIT_CONVERSION = YES;
				GCC_WARN_ABOUT_RETURN_TYPE = YES_ERROR;
				GCC_WARN_UNDECLARED_SELECTOR = YES;
				GCC_WARN_UNINITIALIZED_AUTOS = YES_AGGRESSIVE;
				GCC_WARN_UNUSED_FUNCTION = YES;
				GCC_WARN_UNUSED_VARIABLE = YES;
				IPHONEOS_DEPLOYMENT_TARGET = 17.5;
				LOCALIZATION_PREFERS_STRING_CATALOGS = YES;
				MTL_ENABLE_DEBUG_INFO = NO;
				MTL_FAST_MATH = YES;
				SDKROOT = iphoneos;
				SWIFT_COMPILATION_MODE = wholemodule;
				VALIDATE_PRODUCT = YES;
			};
			name = Release;
		};
		A61563162C59FE00002B6802 /* Debug */ = {
			isa = XCBuildConfiguration;
			buildSettings = {
				ASSETCATALOG_COMPILER_APPICON_NAME = AppIcon;
				ASSETCATALOG_COMPILER_GLOBAL_ACCENT_COLOR_NAME = AccentColor;
				CODE_SIGN_STYLE = Automatic;
				CURRENT_PROJECT_VERSION = 1;
				GENERATE_INFOPLIST_FILE = YES;
				INFOPLIST_FILE = LoginCenter/Info.plist;
				INFOPLIST_KEY_UIApplicationSupportsIndirectInputEvents = YES;
				INFOPLIST_KEY_UILaunchStoryboardName = LaunchScreen;
				INFOPLIST_KEY_UIMainStoryboardFile = Main;
				INFOPLIST_KEY_UISupportedInterfaceOrientations = UIInterfaceOrientationPortrait;
				INFOPLIST_KEY_UISupportedInterfaceOrientations_iPad = "UIInterfaceOrientationLandscapeLeft UIInterfaceOrientationLandscapeRight UIInterfaceOrientationPortrait UIInterfaceOrientationPortraitUpsideDown";
				LD_RUNPATH_SEARCH_PATHS = (
					"$(inherited)",
					"@executable_path/Frameworks",
				);
				MARKETING_VERSION = 1.0;
				PRODUCT_BUNDLE_IDENTIFIER = education.techit.LoginCenter;
				PRODUCT_NAME = "$(TARGET_NAME)";
				SUPPORTED_PLATFORMS = "iphoneos iphonesimulator";
				SUPPORTS_MACCATALYST = NO;
				SUPPORTS_MAC_DESIGNED_FOR_IPHONE_IPAD = NO;
				SUPPORTS_XR_DESIGNED_FOR_IPHONE_IPAD = NO;
				SWIFT_EMIT_LOC_STRINGS = YES;
				SWIFT_VERSION = 5.0;
				TARGETED_DEVICE_FAMILY = 1;
			};
			name = Debug;
		};
		A61563172C59FE00002B6802 /* Release */ = {
			isa = XCBuildConfiguration;
			buildSettings = {
				ASSETCATALOG_COMPILER_APPICON_NAME = AppIcon;
				ASSETCATALOG_COMPILER_GLOBAL_ACCENT_COLOR_NAME = AccentColor;
				CODE_SIGN_STYLE = Automatic;
				CURRENT_PROJECT_VERSION = 1;
				GENERATE_INFOPLIST_FILE = YES;
				INFOPLIST_FILE = LoginCenter/Info.plist;
				INFOPLIST_KEY_UIApplicationSupportsIndirectInputEvents = YES;
				INFOPLIST_KEY_UILaunchStoryboardName = LaunchScreen;
				INFOPLIST_KEY_UIMainStoryboardFile = Main;
				INFOPLIST_KEY_UISupportedInterfaceOrientations = UIInterfaceOrientationPortrait;
				INFOPLIST_KEY_UISupportedInterfaceOrientations_iPad = "UIInterfaceOrientationLandscapeLeft UIInterfaceOrientationLandscapeRight UIInterfaceOrientationPortrait UIInterfaceOrientationPortraitUpsideDown";
				LD_RUNPATH_SEARCH_PATHS = (
					"$(inherited)",
					"@executable_path/Frameworks",
				);
				MARKETING_VERSION = 1.0;
				PRODUCT_BUNDLE_IDENTIFIER = education.techit.LoginCenter;
				PRODUCT_NAME = "$(TARGET_NAME)";
				SUPPORTED_PLATFORMS = "iphoneos iphonesimulator";
				SUPPORTS_MACCATALYST = NO;
				SUPPORTS_MAC_DESIGNED_FOR_IPHONE_IPAD = NO;
				SUPPORTS_XR_DESIGNED_FOR_IPHONE_IPAD = NO;
				SWIFT_EMIT_LOC_STRINGS = YES;
				SWIFT_VERSION = 5.0;
				TARGETED_DEVICE_FAMILY = 1;
			};
			name = Release;
		};
/* End XCBuildConfiguration section */

/* Begin XCConfigurationList section */
		A61562FC2C59FDFF002B6802 /* Build configuration list for PBXProject "LoginCenter" */ = {
			isa = XCConfigurationList;
			buildConfigurations = (
				A61563132C59FE00002B6802 /* Debug */,
				A61563142C59FE00002B6802 /* Release */,
			);
			defaultConfigurationIsVisible = 0;
			defaultConfigurationName = Release;
		};
		A61563152C59FE00002B6802 /* Build configuration list for PBXNativeTarget "LoginCenter" */ = {
			isa = XCConfigurationList;
			buildConfigurations = (
				A61563162C59FE00002B6802 /* Debug */,
				A61563172C59FE00002B6802 /* Release */,
			);
			defaultConfigurationIsVisible = 0;
			defaultConfigurationName = Release;
		};
/* End XCConfigurationList section */
	};
	rootObject = A61562F92C59FDFF002B6802 /* Project object */;
}
