// !$*UTF8*$!
{
	archiveVersion = 1;
	classes = {
	};
	objectVersion = 56;
	objects = {

/* Begin PBXBuildFile section */
		A67443412C21099F002A5DB3 /* NameExist.swift in Sources */ = {isa = PBXBuildFile; fileRef = A67443402C21099F002A5DB3 /* NameExist.swift */; };
		A67443432C210A34002A5DB3 /* CampaignExist.swift in Sources */ = {isa = PBXBuildFile; fileRef = A67443422C210A34002A5DB3 /* CampaignExist.swift */; };
		A67443462C210BDF002A5DB3 /* School.swift in Sources */ = {isa = PBXBuildFile; fileRef = A67443452C210BDF002A5DB3 /* School.swift */; };
		A67443482C210BF9002A5DB3 /* Level.swift in Sources */ = {isa = PBXBuildFile; fileRef = A67443472C210BF9002A5DB3 /* Level.swift */; };
		A674434A2C210C22002A5DB3 /* SchoolClass.swift in Sources */ = {isa = PBXBuildFile; fileRef = A67443492C210C22002A5DB3 /* SchoolClass.swift */; };
		A674434C2C210C35002A5DB3 /* Student.swift in Sources */ = {isa = PBXBuildFile; fileRef = A674434B2C210C35002A5DB3 /* Student.swift */; };
		A674434F2C211CEA002A5DB3 /* SchoolView.swift in Sources */ = {isa = PBXBuildFile; fileRef = A674434E2C211CEA002A5DB3 /* SchoolView.swift */; };
		A67443512C211ED1002A5DB3 /* SchoolClassView.swift in Sources */ = {isa = PBXBuildFile; fileRef = A67443502C211ED1002A5DB3 /* SchoolClassView.swift */; };
		A676623E2C1FD14600F0A221 /* LionSchoolApp.swift in Sources */ = {isa = PBXBuildFile; fileRef = A676623D2C1FD14600F0A221 /* LionSchoolApp.swift */; };
		A67662402C1FD14600F0A221 /* ContentView.swift in Sources */ = {isa = PBXBuildFile; fileRef = A676623F2C1FD14600F0A221 /* ContentView.swift */; };
		A67662422C1FD14700F0A221 /* Assets.xcassets in Resources */ = {isa = PBXBuildFile; fileRef = A67662412C1FD14700F0A221 /* Assets.xcassets */; };
		A67662452C1FD14700F0A221 /* Preview Assets.xcassets in Resources */ = {isa = PBXBuildFile; fileRef = A67662442C1FD14700F0A221 /* Preview Assets.xcassets */; };
		A676624C2C1FD29400F0A221 /* SampleData.swift in Sources */ = {isa = PBXBuildFile; fileRef = A676624B2C1FD29400F0A221 /* SampleData.swift */; };
/* End PBXBuildFile section */

/* Begin PBXFileReference section */
		A67443402C21099F002A5DB3 /* NameExist.swift */ = {isa = PBXFileReference; lastKnownFileType = sourcecode.swift; path = NameExist.swift; sourceTree = "<group>"; };
		A67443422C210A34002A5DB3 /* CampaignExist.swift */ = {isa = PBXFileReference; lastKnownFileType = sourcecode.swift; path = CampaignExist.swift; sourceTree = "<group>"; };
		A67443452C210BDF002A5DB3 /* School.swift */ = {isa = PBXFileReference; lastKnownFileType = sourcecode.swift; path = School.swift; sourceTree = "<group>"; };
		A67443472C210BF9002A5DB3 /* Level.swift */ = {isa = PBXFileReference; lastKnownFileType = sourcecode.swift; path = Level.swift; sourceTree = "<group>"; };
		A67443492C210C22002A5DB3 /* SchoolClass.swift */ = {isa = PBXFileReference; lastKnownFileType = sourcecode.swift; path = SchoolClass.swift; sourceTree = "<group>"; };
		A674434B2C210C35002A5DB3 /* Student.swift */ = {isa = PBXFileReference; lastKnownFileType = sourcecode.swift; path = Student.swift; sourceTree = "<group>"; };
		A674434E2C211CEA002A5DB3 /* SchoolView.swift */ = {isa = PBXFileReference; lastKnownFileType = sourcecode.swift; path = SchoolView.swift; sourceTree = "<group>"; };
		A67443502C211ED1002A5DB3 /* SchoolClassView.swift */ = {isa = PBXFileReference; lastKnownFileType = sourcecode.swift; path = SchoolClassView.swift; sourceTree = "<group>"; };
		A676623A2C1FD14600F0A221 /* LionSchool.app */ = {isa = PBXFileReference; explicitFileType = wrapper.application; includeInIndex = 0; path = LionSchool.app; sourceTree = BUILT_PRODUCTS_DIR; };
		A676623D2C1FD14600F0A221 /* LionSchoolApp.swift */ = {isa = PBXFileReference; lastKnownFileType = sourcecode.swift; path = LionSchoolApp.swift; sourceTree = "<group>"; };
		A676623F2C1FD14600F0A221 /* ContentView.swift */ = {isa = PBXFileReference; lastKnownFileType = sourcecode.swift; path = ContentView.swift; sourceTree = "<group>"; };
		A67662412C1FD14700F0A221 /* Assets.xcassets */ = {isa = PBXFileReference; lastKnownFileType = folder.assetcatalog; path = Assets.xcassets; sourceTree = "<group>"; };
		A67662442C1FD14700F0A221 /* Preview Assets.xcassets */ = {isa = PBXFileReference; lastKnownFileType = folder.assetcatalog; path = "Preview Assets.xcassets"; sourceTree = "<group>"; };
		A676624B2C1FD29400F0A221 /* SampleData.swift */ = {isa = PBXFileReference; lastKnownFileType = sourcecode.swift; path = SampleData.swift; sourceTree = "<group>"; };
/* End PBXFileReference section */

/* Begin PBXFrameworksBuildPhase section */
		A67662372C1FD14600F0A221 /* Frameworks */ = {
			isa = PBXFrameworksBuildPhase;
			buildActionMask = 2147483647;
			files = (
			);
			runOnlyForDeploymentPostprocessing = 0;
		};
/* End PBXFrameworksBuildPhase section */

/* Begin PBXGroup section */
		A67443442C210ABC002A5DB3 /* Protocol */ = {
			isa = PBXGroup;
			children = (
				A67443402C21099F002A5DB3 /* NameExist.swift */,
				A67443422C210A34002A5DB3 /* CampaignExist.swift */,
			);
			path = Protocol;
			sourceTree = "<group>";
		};
		A674434D2C210C8C002A5DB3 /* Model */ = {
			isa = PBXGroup;
			children = (
				A674434B2C210C35002A5DB3 /* Student.swift */,
				A67443492C210C22002A5DB3 /* SchoolClass.swift */,
				A67443472C210BF9002A5DB3 /* Level.swift */,
				A67443452C210BDF002A5DB3 /* School.swift */,
			);
			path = Model;
			sourceTree = "<group>";
		};
		A67443522C2123D5002A5DB3 /* View */ = {
			isa = PBXGroup;
			children = (
				A676623F2C1FD14600F0A221 /* ContentView.swift */,
				A674434E2C211CEA002A5DB3 /* SchoolView.swift */,
				A67443502C211ED1002A5DB3 /* SchoolClassView.swift */,
			);
			path = View;
			sourceTree = "<group>";
		};
		A67443532C212415002A5DB3 /* Data */ = {
			isa = PBXGroup;
			children = (
				A676624B2C1FD29400F0A221 /* SampleData.swift */,
			);
			path = Data;
			sourceTree = "<group>";
		};
		A67662312C1FD14600F0A221 = {
			isa = PBXGroup;
			children = (
				A676623C2C1FD14600F0A221 /* LionSchool */,
				A676623B2C1FD14600F0A221 /* Products */,
			);
			sourceTree = "<group>";
		};
		A676623B2C1FD14600F0A221 /* Products */ = {
			isa = PBXGroup;
			children = (
				A676623A2C1FD14600F0A221 /* LionSchool.app */,
			);
			name = Products;
			sourceTree = "<group>";
		};
		A676623C2C1FD14600F0A221 /* LionSchool */ = {
			isa = PBXGroup;
			children = (
				A676623D2C1FD14600F0A221 /* LionSchoolApp.swift */,
				A67443442C210ABC002A5DB3 /* Protocol */,
				A674434D2C210C8C002A5DB3 /* Model */,
				A67443532C212415002A5DB3 /* Data */,
				A67443522C2123D5002A5DB3 /* View */,
				A67662412C1FD14700F0A221 /* Assets.xcassets */,
				A67662432C1FD14700F0A221 /* Preview Content */,
			);
			path = LionSchool;
			sourceTree = "<group>";
		};
		A67662432C1FD14700F0A221 /* Preview Content */ = {
			isa = PBXGroup;
			children = (
				A67662442C1FD14700F0A221 /* Preview Assets.xcassets */,
			);
			path = "Preview Content";
			sourceTree = "<group>";
		};
/* End PBXGroup section */

/* Begin PBXNativeTarget section */
		A67662392C1FD14600F0A221 /* LionSchool */ = {
			isa = PBXNativeTarget;
			buildConfigurationList = A67662482C1FD14700F0A221 /* Build configuration list for PBXNativeTarget "LionSchool" */;
			buildPhases = (
				A67662362C1FD14600F0A221 /* Sources */,
				A67662372C1FD14600F0A221 /* Frameworks */,
				A67662382C1FD14600F0A221 /* Resources */,
			);
			buildRules = (
			);
			dependencies = (
			);
			name = LionSchool;
			productName = LionSchool;
			productReference = A676623A2C1FD14600F0A221 /* LionSchool.app */;
			productType = "com.apple.product-type.application";
		};
/* End PBXNativeTarget section */

/* Begin PBXProject section */
		A67662322C1FD14600F0A221 /* Project object */ = {
			isa = PBXProject;
			attributes = {
				BuildIndependentTargetsInParallel = 1;
				LastSwiftUpdateCheck = 1540;
				LastUpgradeCheck = 1540;
				TargetAttributes = {
					A67662392C1FD14600F0A221 = {
						CreatedOnToolsVersion = 15.4;
					};
				};
			};
			buildConfigurationList = A67662352C1FD14600F0A221 /* Build configuration list for PBXProject "LionSchool" */;
			compatibilityVersion = "Xcode 14.0";
			developmentRegion = en;
			hasScannedForEncodings = 0;
			knownRegions = (
				en,
				Base,
			);
			mainGroup = A67662312C1FD14600F0A221;
			productRefGroup = A676623B2C1FD14600F0A221 /* Products */;
			projectDirPath = "";
			projectRoot = "";
			targets = (
				A67662392C1FD14600F0A221 /* LionSchool */,
			);
		};
/* End PBXProject section */

/* Begin PBXResourcesBuildPhase section */
		A67662382C1FD14600F0A221 /* Resources */ = {
			isa = PBXResourcesBuildPhase;
			buildActionMask = 2147483647;
			files = (
				A67662452C1FD14700F0A221 /* Preview Assets.xcassets in Resources */,
				A67662422C1FD14700F0A221 /* Assets.xcassets in Resources */,
			);
			runOnlyForDeploymentPostprocessing = 0;
		};
/* End PBXResourcesBuildPhase section */

/* Begin PBXSourcesBuildPhase section */
		A67662362C1FD14600F0A221 /* Sources */ = {
			isa = PBXSourcesBuildPhase;
			buildActionMask = 2147483647;
			files = (
				A674434F2C211CEA002A5DB3 /* SchoolView.swift in Sources */,
				A67443412C21099F002A5DB3 /* NameExist.swift in Sources */,
				A67443482C210BF9002A5DB3 /* Level.swift in Sources */,
				A674434A2C210C22002A5DB3 /* SchoolClass.swift in Sources */,
				A67443462C210BDF002A5DB3 /* School.swift in Sources */,
				A674434C2C210C35002A5DB3 /* Student.swift in Sources */,
				A67443432C210A34002A5DB3 /* CampaignExist.swift in Sources */,
				A67662402C1FD14600F0A221 /* ContentView.swift in Sources */,
				A67443512C211ED1002A5DB3 /* SchoolClassView.swift in Sources */,
				A676624C2C1FD29400F0A221 /* SampleData.swift in Sources */,
				A676623E2C1FD14600F0A221 /* LionSchoolApp.swift in Sources */,
			);
			runOnlyForDeploymentPostprocessing = 0;
		};
/* End PBXSourcesBuildPhase section */

/* Begin XCBuildConfiguration section */
		A67662462C1FD14700F0A221 /* Debug */ = {
			isa = XCBuildConfiguration;
			buildSettings = {
				ALWAYS_SEARCH_USER_PATHS = NO;
				ASSETCATALOG_COMPILER_GENERATE_SWIFT_ASSET_SYMBOL_EXTENSIONS = YES;
				CLANG_ANALYZER_NONNULL = YES;
				CLANG_ANALYZER_NUMBER_OBJECT_CONVERSION = YES_AGGRESSIVE;
				CLANG_CXX_LANGUAGE_STANDARD = "gnu++20";
				CLANG_ENABLE_MODULES = YES;
				CLANG_ENABLE_OBJC_ARC = YES;
				CLANG_ENABLE_OBJC_WEAK = YES;
				CLANG_WARN_BLOCK_CAPTURE_AUTORELEASING = YES;
				CLANG_WARN_BOOL_CONVERSION = YES;
				CLANG_WARN_COMMA = YES;
				CLANG_WARN_CONSTANT_CONVERSION = YES;
				CLANG_WARN_DEPRECATED_OBJC_IMPLEMENTATIONS = YES;
				CLANG_WARN_DIRECT_OBJC_ISA_USAGE = YES_ERROR;
				CLANG_WARN_DOCUMENTATION_COMMENTS = YES;
				CLANG_WARN_EMPTY_BODY = YES;
				CLANG_WARN_ENUM_CONVERSION = YES;
				CLANG_WARN_INFINITE_RECURSION = YES;
				CLANG_WARN_INT_CONVERSION = YES;
				CLANG_WARN_NON_LITERAL_NULL_CONVERSION = YES;
				CLANG_WARN_OBJC_IMPLICIT_RETAIN_SELF = YES;
				CLANG_WARN_OBJC_LITERAL_CONVERSION = YES;
				CLANG_WARN_OBJC_ROOT_CLASS = YES_ERROR;
				CLANG_WARN_QUOTED_INCLUDE_IN_FRAMEWORK_HEADER = YES;
				CLANG_WARN_RANGE_LOOP_ANALYSIS = YES;
				CLANG_WARN_STRICT_PROTOTYPES = YES;
				CLANG_WARN_SUSPICIOUS_MOVE = YES;
				CLANG_WARN_UNGUARDED_AVAILABILITY = YES_AGGRESSIVE;
				CLANG_WARN_UNREACHABLE_CODE = YES;
				CLANG_WARN__DUPLICATE_METHOD_MATCH = YES;
				COPY_PHASE_STRIP = NO;
				DEBUG_INFORMATION_FORMAT = dwarf;
				ENABLE_STRICT_OBJC_MSGSEND = YES;
				ENABLE_TESTABILITY = YES;
				ENABLE_USER_SCRIPT_SANDBOXING = YES;
				GCC_C_LANGUAGE_STANDARD = gnu17;
				GCC_DYNAMIC_NO_PIC = NO;
				GCC_NO_COMMON_BLOCKS = YES;
				GCC_OPTIMIZATION_LEVEL = 0;
				GCC_PREPROCESSOR_DEFINITIONS = (
					"DEBUG=1",
					"$(inherited)",
				);
				GCC_WARN_64_TO_32_BIT_CONVERSION = YES;
				GCC_WARN_ABOUT_RETURN_TYPE = YES_ERROR;
				GCC_WARN_UNDECLARED_SELECTOR = YES;
				GCC_WARN_UNINITIALIZED_AUTOS = YES_AGGRESSIVE;
				GCC_WARN_UNUSED_FUNCTION = YES;
				GCC_WARN_UNUSED_VARIABLE = YES;
				IPHONEOS_DEPLOYMENT_TARGET = 17.5;
				LOCALIZATION_PREFERS_STRING_CATALOGS = YES;
				MTL_ENABLE_DEBUG_INFO = INCLUDE_SOURCE;
				MTL_FAST_MATH = YES;
				ONLY_ACTIVE_ARCH = YES;
				SDKROOT = iphoneos;
				SWIFT_ACTIVE_COMPILATION_CONDITIONS = "DEBUG $(inherited)";
				SWIFT_OPTIMIZATION_LEVEL = "-Onone";
			};
			name = Debug;
		};
		A67662472C1FD14700F0A221 /* Release */ = {
			isa = XCBuildConfiguration;
			buildSettings = {
				ALWAYS_SEARCH_USER_PATHS = NO;
				ASSETCATALOG_COMPILER_GENERATE_SWIFT_ASSET_SYMBOL_EXTENSIONS = YES;
				CLANG_ANALYZER_NONNULL = YES;
				CLANG_ANALYZER_NUMBER_OBJECT_CONVERSION = YES_AGGRESSIVE;
				CLANG_CXX_LANGUAGE_STANDARD = "gnu++20";
				CLANG_ENABLE_MODULES = YES;
				CLANG_ENABLE_OBJC_ARC = YES;
				CLANG_ENABLE_OBJC_WEAK = YES;
				CLANG_WARN_BLOCK_CAPTURE_AUTORELEASING = YES;
				CLANG_WARN_BOOL_CONVERSION = YES;
				CLANG_WARN_COMMA = YES;
				CLANG_WARN_CONSTANT_CONVERSION = YES;
				CLANG_WARN_DEPRECATED_OBJC_IMPLEMENTATIONS = YES;
				CLANG_WARN_DIRECT_OBJC_ISA_USAGE = YES_ERROR;
				CLANG_WARN_DOCUMENTATION_COMMENTS = YES;
				CLANG_WARN_EMPTY_BODY = YES;
				CLANG_WARN_ENUM_CONVERSION = YES;
				CLANG_WARN_INFINITE_RECURSION = YES;
				CLANG_WARN_INT_CONVERSION = YES;
				CLANG_WARN_NON_LITERAL_NULL_CONVERSION = YES;
				CLANG_WARN_OBJC_IMPLICIT_RETAIN_SELF = YES;
				CLANG_WARN_OBJC_LITERAL_CONVERSION = YES;
				CLANG_WARN_OBJC_ROOT_CLASS = YES_ERROR;
				CLANG_WARN_QUOTED_INCLUDE_IN_FRAMEWORK_HEADER = YES;
				CLANG_WARN_RANGE_LOOP_ANALYSIS = YES;
				CLANG_WARN_STRICT_PROTOTYPES = YES;
				CLANG_WARN_SUSPICIOUS_MOVE = YES;
				CLANG_WARN_UNGUARDED_AVAILABILITY = YES_AGGRESSIVE;
				CLANG_WARN_UNREACHABLE_CODE = YES;
				CLANG_WARN__DUPLICATE_METHOD_MATCH = YES;
				COPY_PHASE_STRIP = NO;
				DEBUG_INFORMATION_FORMAT = "dwarf-with-dsym";
				ENABLE_NS_ASSERTIONS = NO;
				ENABLE_STRICT_OBJC_MSGSEND = YES;
				ENABLE_USER_SCRIPT_SANDBOXING = YES;
				GCC_C_LANGUAGE_STANDARD = gnu17;
				GCC_NO_COMMON_BLOCKS = YES;
				GCC_WARN_64_TO_32_BIT_CONVERSION = YES;
				GCC_WARN_ABOUT_RETURN_TYPE = YES_ERROR;
				GCC_WARN_UNDECLARED_SELECTOR = YES;
				GCC_WARN_UNINITIALIZED_AUTOS = YES_AGGRESSIVE;
				GCC_WARN_UNUSED_FUNCTION = YES;
				GCC_WARN_UNUSED_VARIABLE = YES;
				IPHONEOS_DEPLOYMENT_TARGET = 17.5;
				LOCALIZATION_PREFERS_STRING_CATALOGS = YES;
				MTL_ENABLE_DEBUG_INFO = NO;
				MTL_FAST_MATH = YES;
				SDKROOT = iphoneos;
				SWIFT_COMPILATION_MODE = wholemodule;
				VALIDATE_PRODUCT = YES;
			};
			name = Release;
		};
		A67662492C1FD14700F0A221 /* Debug */ = {
			isa = XCBuildConfiguration;
			buildSettings = {
				ASSETCATALOG_COMPILER_APPICON_NAME = AppIcon;
				ASSETCATALOG_COMPILER_GLOBAL_ACCENT_COLOR_NAME = AccentColor;
				CODE_SIGN_STYLE = Automatic;
				CURRENT_PROJECT_VERSION = 1;
				DEVELOPMENT_ASSET_PATHS = "\"LionSchool/Preview Content\"";
				ENABLE_PREVIEWS = YES;
				GENERATE_INFOPLIST_FILE = YES;
				INFOPLIST_KEY_UIApplicationSceneManifest_Generation = YES;
				INFOPLIST_KEY_UIApplicationSupportsIndirectInputEvents = YES;
				INFOPLIST_KEY_UILaunchScreen_Generation = YES;
				INFOPLIST_KEY_UISupportedInterfaceOrientations_iPad = "UIInterfaceOrientationPortrait UIInterfaceOrientationPortraitUpsideDown UIInterfaceOrientationLandscapeLeft UIInterfaceOrientationLandscapeRight";
				INFOPLIST_KEY_UISupportedInterfaceOrientations_iPhone = "UIInterfaceOrientationPortrait UIInterfaceOrientationLandscapeLeft UIInterfaceOrientationLandscapeRight";
				LD_RUNPATH_SEARCH_PATHS = (
					"$(inherited)",
					"@executable_path/Frameworks",
				);
				MARKETING_VERSION = 1.0;
				PRODUCT_BUNDLE_IDENTIFIER = education.techit.LionSchool;
				PRODUCT_NAME = "$(TARGET_NAME)";
				SUPPORTED_PLATFORMS = "iphoneos iphonesimulator";
				SUPPORTS_MACCATALYST = NO;
				SUPPORTS_MAC_DESIGNED_FOR_IPHONE_IPAD = NO;
				SUPPORTS_XR_DESIGNED_FOR_IPHONE_IPAD = NO;
				SWIFT_EMIT_LOC_STRINGS = YES;
				SWIFT_VERSION = 5.0;
				TARGETED_DEVICE_FAMILY = 1;
			};
			name = Debug;
		};
		A676624A2C1FD14700F0A221 /* Release */ = {
			isa = XCBuildConfiguration;
			buildSettings = {
				ASSETCATALOG_COMPILER_APPICON_NAME = AppIcon;
				ASSETCATALOG_COMPILER_GLOBAL_ACCENT_COLOR_NAME = AccentColor;
				CODE_SIGN_STYLE = Automatic;
				CURRENT_PROJECT_VERSION = 1;
				DEVELOPMENT_ASSET_PATHS = "\"LionSchool/Preview Content\"";
				ENABLE_PREVIEWS = YES;
				GENERATE_INFOPLIST_FILE = YES;
				INFOPLIST_KEY_UIApplicationSceneManifest_Generation = YES;
				INFOPLIST_KEY_UIApplicationSupportsIndirectInputEvents = YES;
				INFOPLIST_KEY_UILaunchScreen_Generation = YES;
				INFOPLIST_KEY_UISupportedInterfaceOrientations_iPad = "UIInterfaceOrientationPortrait UIInterfaceOrientationPortraitUpsideDown UIInterfaceOrientationLandscapeLeft UIInterfaceOrientationLandscapeRight";
				INFOPLIST_KEY_UISupportedInterfaceOrientations_iPhone = "UIInterfaceOrientationPortrait UIInterfaceOrientationLandscapeLeft UIInterfaceOrientationLandscapeRight";
				LD_RUNPATH_SEARCH_PATHS = (
					"$(inherited)",
					"@executable_path/Frameworks",
				);
				MARKETING_VERSION = 1.0;
				PRODUCT_BUNDLE_IDENTIFIER = education.techit.LionSchool;
				PRODUCT_NAME = "$(TARGET_NAME)";
				SUPPORTED_PLATFORMS = "iphoneos iphonesimulator";
				SUPPORTS_MACCATALYST = NO;
				SUPPORTS_MAC_DESIGNED_FOR_IPHONE_IPAD = NO;
				SUPPORTS_XR_DESIGNED_FOR_IPHONE_IPAD = NO;
				SWIFT_EMIT_LOC_STRINGS = YES;
				SWIFT_VERSION = 5.0;
				TARGETED_DEVICE_FAMILY = 1;
			};
			name = Release;
		};
/* End XCBuildConfiguration section */

/* Begin XCConfigurationList section */
		A67662352C1FD14600F0A221 /* Build configuration list for PBXProject "LionSchool" */ = {
			isa = XCConfigurationList;
			buildConfigurations = (
				A67662462C1FD14700F0A221 /* Debug */,
				A67662472C1FD14700F0A221 /* Release */,
			);
			defaultConfigurationIsVisible = 0;
			defaultConfigurationName = Release;
		};
		A67662482C1FD14700F0A221 /* Build configuration list for PBXNativeTarget "LionSchool" */ = {
			isa = XCConfigurationList;
			buildConfigurations = (
				A67662492C1FD14700F0A221 /* Debug */,
				A676624A2C1FD14700F0A221 /* Release */,
			);
			defaultConfigurationIsVisible = 0;
			defaultConfigurationName = Release;
		};
/* End XCConfigurationList section */
	};
	rootObject = A67662322C1FD14600F0A221 /* Project object */;
}
