// !$*UTF8*$!
{
	archiveVersion = 1;
	classes = {
	};
	objectVersion = 56;
	objects = {

/* Begin PBXBuildFile section */
		A67FC6332C5B092E0008548D /* AppDelegate.swift in Sources */ = {isa = PBXBuildFile; fileRef = A67FC6322C5B092E0008548D /* AppDelegate.swift */; };
		A67FC6352C5B092E0008548D /* SceneDelegate.swift in Sources */ = {isa = PBXBuildFile; fileRef = A67FC6342C5B092E0008548D /* SceneDelegate.swift */; };
		A67FC63A2C5B092E0008548D /* Base in Resources */ = {isa = PBXBuildFile; fileRef = A67FC6392C5B092E0008548D /* Base */; };
		A67FC63C2C5B092F0008548D /* Assets.xcassets in Resources */ = {isa = PBXBuildFile; fileRef = A67FC63B2C5B092F0008548D /* Assets.xcassets */; };
		A67FC63F2C5B092F0008548D /* Base in Resources */ = {isa = PBXBuildFile; fileRef = A67FC63E2C5B092F0008548D /* Base */; };
		A67FC6472C5B09A40008548D /* MembersViewController.swift in Sources */ = {isa = PBXBuildFile; fileRef = A67FC6462C5B09A40008548D /* MembersViewController.swift */; };
		A67FC6492C5B0D220008548D /* AuthModel.swift in Sources */ = {isa = PBXBuildFile; fileRef = A67FC6482C5B0D220008548D /* AuthModel.swift */; };
		A67FC64F2C5B42510008548D /* AuthHistoryModel.swift in Sources */ = {isa = PBXBuildFile; fileRef = A67FC64E2C5B42510008548D /* AuthHistoryModel.swift */; };
		A67FC6512C5B48740008548D /* HistoryViewController.swift in Sources */ = {isa = PBXBuildFile; fileRef = A67FC6502C5B48740008548D /* HistoryViewController.swift */; };
		A67FC6532C5B4AA80008548D /* HistoryTableViewController.swift in Sources */ = {isa = PBXBuildFile; fileRef = A67FC6522C5B4AA80008548D /* HistoryTableViewController.swift */; };
/* End PBXBuildFile section */

/* Begin PBXFileReference section */
		A67FC62F2C5B092E0008548D /* MemberCenter.app */ = {isa = PBXFileReference; explicitFileType = wrapper.application; includeInIndex = 0; path = MemberCenter.app; sourceTree = BUILT_PRODUCTS_DIR; };
		A67FC6322C5B092E0008548D /* AppDelegate.swift */ = {isa = PBXFileReference; lastKnownFileType = sourcecode.swift; path = AppDelegate.swift; sourceTree = "<group>"; };
		A67FC6342C5B092E0008548D /* SceneDelegate.swift */ = {isa = PBXFileReference; lastKnownFileType = sourcecode.swift; path = SceneDelegate.swift; sourceTree = "<group>"; };
		A67FC6392C5B092E0008548D /* Base */ = {isa = PBXFileReference; lastKnownFileType = file.storyboard; name = Base; path = Base.lproj/Main.storyboard; sourceTree = "<group>"; };
		A67FC63B2C5B092F0008548D /* Assets.xcassets */ = {isa = PBXFileReference; lastKnownFileType = folder.assetcatalog; path = Assets.xcassets; sourceTree = "<group>"; };
		A67FC63E2C5B092F0008548D /* Base */ = {isa = PBXFileReference; lastKnownFileType = file.storyboard; name = Base; path = Base.lproj/LaunchScreen.storyboard; sourceTree = "<group>"; };
		A67FC6402C5B092F0008548D /* Info.plist */ = {isa = PBXFileReference; lastKnownFileType = text.plist.xml; path = Info.plist; sourceTree = "<group>"; };
		A67FC6462C5B09A40008548D /* MembersViewController.swift */ = {isa = PBXFileReference; lastKnownFileType = sourcecode.swift; path = MembersViewController.swift; sourceTree = "<group>"; };
		A67FC6482C5B0D220008548D /* AuthModel.swift */ = {isa = PBXFileReference; lastKnownFileType = sourcecode.swift; path = AuthModel.swift; sourceTree = "<group>"; };
		A67FC64E2C5B42510008548D /* AuthHistoryModel.swift */ = {isa = PBXFileReference; lastKnownFileType = sourcecode.swift; path = AuthHistoryModel.swift; sourceTree = "<group>"; };
		A67FC6502C5B48740008548D /* HistoryViewController.swift */ = {isa = PBXFileReference; lastKnownFileType = sourcecode.swift; path = HistoryViewController.swift; sourceTree = "<group>"; };
		A67FC6522C5B4AA80008548D /* HistoryTableViewController.swift */ = {isa = PBXFileReference; lastKnownFileType = sourcecode.swift; path = HistoryTableViewController.swift; sourceTree = "<group>"; };
/* End PBXFileReference section */

/* Begin PBXFrameworksBuildPhase section */
		A67FC62C2C5B092E0008548D /* Frameworks */ = {
			isa = PBXFrameworksBuildPhase;
			buildActionMask = 2147483647;
			files = (
			);
			runOnlyForDeploymentPostprocessing = 0;
		};
/* End PBXFrameworksBuildPhase section */

/* Begin PBXGroup section */
		A67FC6262C5B092E0008548D = {
			isa = PBXGroup;
			children = (
				A67FC6312C5B092E0008548D /* MemberCenter */,
				A67FC6302C5B092E0008548D /* Products */,
			);
			sourceTree = "<group>";
		};
		A67FC6302C5B092E0008548D /* Products */ = {
			isa = PBXGroup;
			children = (
				A67FC62F2C5B092E0008548D /* MemberCenter.app */,
			);
			name = Products;
			sourceTree = "<group>";
		};
		A67FC6312C5B092E0008548D /* MemberCenter */ = {
			isa = PBXGroup;
			children = (
				A67FC6322C5B092E0008548D /* AppDelegate.swift */,
				A67FC6342C5B092E0008548D /* SceneDelegate.swift */,
				A67FC64A2C5B41B20008548D /* Models */,
				A67FC64B2C5B41BF0008548D /* Views */,
				A67FC64C2C5B41CF0008548D /* ViewControllers */,
				A67FC63B2C5B092F0008548D /* Assets.xcassets */,
				A67FC6402C5B092F0008548D /* Info.plist */,
			);
			path = MemberCenter;
			sourceTree = "<group>";
		};
		A67FC64A2C5B41B20008548D /* Models */ = {
			isa = PBXGroup;
			children = (
				A67FC6482C5B0D220008548D /* AuthModel.swift */,
				A67FC64E2C5B42510008548D /* AuthHistoryModel.swift */,
			);
			path = Models;
			sourceTree = "<group>";
		};
		A67FC64B2C5B41BF0008548D /* Views */ = {
			isa = PBXGroup;
			children = (
				A67FC63D2C5B092F0008548D /* LaunchScreen.storyboard */,
				A67FC6382C5B092E0008548D /* Main.storyboard */,
			);
			path = Views;
			sourceTree = "<group>";
		};
		A67FC64C2C5B41CF0008548D /* ViewControllers */ = {
			isa = PBXGroup;
			children = (
				A67FC6462C5B09A40008548D /* MembersViewController.swift */,
				A67FC6522C5B4AA80008548D /* HistoryTableViewController.swift */,
				A67FC6502C5B48740008548D /* HistoryViewController.swift */,
			);
			path = ViewControllers;
			sourceTree = "<group>";
		};
/* End PBXGroup section */

/* Begin PBXNativeTarget section */
		A67FC62E2C5B092E0008548D /* MemberCenter */ = {
			isa = PBXNativeTarget;
			buildConfigurationList = A67FC6432C5B092F0008548D /* Build configuration list for PBXNativeTarget "MemberCenter" */;
			buildPhases = (
				A67FC62B2C5B092E0008548D /* Sources */,
				A67FC62C2C5B092E0008548D /* Frameworks */,
				A67FC62D2C5B092E0008548D /* Resources */,
			);
			buildRules = (
			);
			dependencies = (
			);
			name = MemberCenter;
			productName = MemberCenter;
			productReference = A67FC62F2C5B092E0008548D /* MemberCenter.app */;
			productType = "com.apple.product-type.application";
		};
/* End PBXNativeTarget section */

/* Begin PBXProject section */
		A67FC6272C5B092E0008548D /* Project object */ = {
			isa = PBXProject;
			attributes = {
				BuildIndependentTargetsInParallel = 1;
				LastSwiftUpdateCheck = 1540;
				LastUpgradeCheck = 1540;
				TargetAttributes = {
					A67FC62E2C5B092E0008548D = {
						CreatedOnToolsVersion = 15.4;
					};
				};
			};
			buildConfigurationList = A67FC62A2C5B092E0008548D /* Build configuration list for PBXProject "MemberCenter" */;
			compatibilityVersion = "Xcode 14.0";
			developmentRegion = en;
			hasScannedForEncodings = 0;
			knownRegions = (
				en,
				Base,
			);
			mainGroup = A67FC6262C5B092E0008548D;
			productRefGroup = A67FC6302C5B092E0008548D /* Products */;
			projectDirPath = "";
			projectRoot = "";
			targets = (
				A67FC62E2C5B092E0008548D /* MemberCenter */,
			);
		};
/* End PBXProject section */

/* Begin PBXResourcesBuildPhase section */
		A67FC62D2C5B092E0008548D /* Resources */ = {
			isa = PBXResourcesBuildPhase;
			buildActionMask = 2147483647;
			files = (
				A67FC63C2C5B092F0008548D /* Assets.xcassets in Resources */,
				A67FC63F2C5B092F0008548D /* Base in Resources */,
				A67FC63A2C5B092E0008548D /* Base in Resources */,
			);
			runOnlyForDeploymentPostprocessing = 0;
		};
/* End PBXResourcesBuildPhase section */

/* Begin PBXSourcesBuildPhase section */
		A67FC62B2C5B092E0008548D /* Sources */ = {
			isa = PBXSourcesBuildPhase;
			buildActionMask = 2147483647;
			files = (
				A67FC64F2C5B42510008548D /* AuthHistoryModel.swift in Sources */,
				A67FC6332C5B092E0008548D /* AppDelegate.swift in Sources */,
				A67FC6492C5B0D220008548D /* AuthModel.swift in Sources */,
				A67FC6512C5B48740008548D /* HistoryViewController.swift in Sources */,
				A67FC6532C5B4AA80008548D /* HistoryTableViewController.swift in Sources */,
				A67FC6472C5B09A40008548D /* MembersViewController.swift in Sources */,
				A67FC6352C5B092E0008548D /* SceneDelegate.swift in Sources */,
			);
			runOnlyForDeploymentPostprocessing = 0;
		};
/* End PBXSourcesBuildPhase section */

/* Begin PBXVariantGroup section */
		A67FC6382C5B092E0008548D /* Main.storyboard */ = {
			isa = PBXVariantGroup;
			children = (
				A67FC6392C5B092E0008548D /* Base */,
			);
			name = Main.storyboard;
			sourceTree = "<group>";
		};
		A67FC63D2C5B092F0008548D /* LaunchScreen.storyboard */ = {
			isa = PBXVariantGroup;
			children = (
				A67FC63E2C5B092F0008548D /* Base */,
			);
			name = LaunchScreen.storyboard;
			sourceTree = "<group>";
		};
/* End PBXVariantGroup section */

/* Begin XCBuildConfiguration section */
		A67FC6412C5B092F0008548D /* Debug */ = {
			isa = XCBuildConfiguration;
			buildSettings = {
				ALWAYS_SEARCH_USER_PATHS = NO;
				ASSETCATALOG_COMPILER_GENERATE_SWIFT_ASSET_SYMBOL_EXTENSIONS = YES;
				CLANG_ANALYZER_NONNULL = YES;
				CLANG_ANALYZER_NUMBER_OBJECT_CONVERSION = YES_AGGRESSIVE;
				CLANG_CXX_LANGUAGE_STANDARD = "gnu++20";
				CLANG_ENABLE_MODULES = YES;
				CLANG_ENABLE_OBJC_ARC = YES;
				CLANG_ENABLE_OBJC_WEAK = YES;
				CLANG_WARN_BLOCK_CAPTURE_AUTORELEASING = YES;
				CLANG_WARN_BOOL_CONVERSION = YES;
				CLANG_WARN_COMMA = YES;
				CLANG_WARN_CONSTANT_CONVERSION = YES;
				CLANG_WARN_DEPRECATED_OBJC_IMPLEMENTATIONS = YES;
				CLANG_WARN_DIRECT_OBJC_ISA_USAGE = YES_ERROR;
				CLANG_WARN_DOCUMENTATION_COMMENTS = YES;
				CLANG_WARN_EMPTY_BODY = YES;
				CLANG_WARN_ENUM_CONVERSION = YES;
				CLANG_WARN_INFINITE_RECURSION = YES;
				CLANG_WARN_INT_CONVERSION = YES;
				CLANG_WARN_NON_LITERAL_NULL_CONVERSION = YES;
				CLANG_WARN_OBJC_IMPLICIT_RETAIN_SELF = YES;
				CLANG_WARN_OBJC_LITERAL_CONVERSION = YES;
				CLANG_WARN_OBJC_ROOT_CLASS = YES_ERROR;
				CLANG_WARN_QUOTED_INCLUDE_IN_FRAMEWORK_HEADER = YES;
				CLANG_WARN_RANGE_LOOP_ANALYSIS = YES;
				CLANG_WARN_STRICT_PROTOTYPES = YES;
				CLANG_WARN_SUSPICIOUS_MOVE = YES;
				CLANG_WARN_UNGUARDED_AVAILABILITY = YES_AGGRESSIVE;
				CLANG_WARN_UNREACHABLE_CODE = YES;
				CLANG_WARN__DUPLICATE_METHOD_MATCH = YES;
				COPY_PHASE_STRIP = NO;
				DEBUG_INFORMATION_FORMAT = dwarf;
				ENABLE_STRICT_OBJC_MSGSEND = YES;
				ENABLE_TESTABILITY = YES;
				ENABLE_USER_SCRIPT_SANDBOXING = YES;
				GCC_C_LANGUAGE_STANDARD = gnu17;
				GCC_DYNAMIC_NO_PIC = NO;
				GCC_NO_COMMON_BLOCKS = YES;
				GCC_OPTIMIZATION_LEVEL = 0;
				GCC_PREPROCESSOR_DEFINITIONS = (
					"DEBUG=1",
					"$(inherited)",
				);
				GCC_WARN_64_TO_32_BIT_CONVERSION = YES;
				GCC_WARN_ABOUT_RETURN_TYPE = YES_ERROR;
				GCC_WARN_UNDECLARED_SELECTOR = YES;
				GCC_WARN_UNINITIALIZED_AUTOS = YES_AGGRESSIVE;
				GCC_WARN_UNUSED_FUNCTION = YES;
				GCC_WARN_UNUSED_VARIABLE = YES;
				IPHONEOS_DEPLOYMENT_TARGET = 17.5;
				LOCALIZATION_PREFERS_STRING_CATALOGS = YES;
				MTL_ENABLE_DEBUG_INFO = INCLUDE_SOURCE;
				MTL_FAST_MATH = YES;
				ONLY_ACTIVE_ARCH = YES;
				SDKROOT = iphoneos;
				SWIFT_ACTIVE_COMPILATION_CONDITIONS = "DEBUG $(inherited)";
				SWIFT_OPTIMIZATION_LEVEL = "-Onone";
			};
			name = Debug;
		};
		A67FC6422C5B092F0008548D /* Release */ = {
			isa = XCBuildConfiguration;
			buildSettings = {
				ALWAYS_SEARCH_USER_PATHS = NO;
				ASSETCATALOG_COMPILER_GENERATE_SWIFT_ASSET_SYMBOL_EXTENSIONS = YES;
				CLANG_ANALYZER_NONNULL = YES;
				CLANG_ANALYZER_NUMBER_OBJECT_CONVERSION = YES_AGGRESSIVE;
				CLANG_CXX_LANGUAGE_STANDARD = "gnu++20";
				CLANG_ENABLE_MODULES = YES;
				CLANG_ENABLE_OBJC_ARC = YES;
				CLANG_ENABLE_OBJC_WEAK = YES;
				CLANG_WARN_BLOCK_CAPTURE_AUTORELEASING = YES;
				CLANG_WARN_BOOL_CONVERSION = YES;
				CLANG_WARN_COMMA = YES;
				CLANG_WARN_CONSTANT_CONVERSION = YES;
				CLANG_WARN_DEPRECATED_OBJC_IMPLEMENTATIONS = YES;
				CLANG_WARN_DIRECT_OBJC_ISA_USAGE = YES_ERROR;
				CLANG_WARN_DOCUMENTATION_COMMENTS = YES;
				CLANG_WARN_EMPTY_BODY = YES;
				CLANG_WARN_ENUM_CONVERSION = YES;
				CLANG_WARN_INFINITE_RECURSION = YES;
				CLANG_WARN_INT_CONVERSION = YES;
				CLANG_WARN_NON_LITERAL_NULL_CONVERSION = YES;
				CLANG_WARN_OBJC_IMPLICIT_RETAIN_SELF = YES;
				CLANG_WARN_OBJC_LITERAL_CONVERSION = YES;
				CLANG_WARN_OBJC_ROOT_CLASS = YES_ERROR;
				CLANG_WARN_QUOTED_INCLUDE_IN_FRAMEWORK_HEADER = YES;
				CLANG_WARN_RANGE_LOOP_ANALYSIS = YES;
				CLANG_WARN_STRICT_PROTOTYPES = YES;
				CLANG_WARN_SUSPICIOUS_MOVE = YES;
				CLANG_WARN_UNGUARDED_AVAILABILITY = YES_AGGRESSIVE;
				CLANG_WARN_UNREACHABLE_CODE = YES;
				CLANG_WARN__DUPLICATE_METHOD_MATCH = YES;
				COPY_PHASE_STRIP = NO;
				DEBUG_INFORMATION_FORMAT = "dwarf-with-dsym";
				ENABLE_NS_ASSERTIONS = NO;
				ENABLE_STRICT_OBJC_MSGSEND = YES;
				ENABLE_USER_SCRIPT_SANDBOXING = YES;
				GCC_C_LANGUAGE_STANDARD = gnu17;
				GCC_NO_COMMON_BLOCKS = YES;
				GCC_WARN_64_TO_32_BIT_CONVERSION = YES;
				GCC_WARN_ABOUT_RETURN_TYPE = YES_ERROR;
				GCC_WARN_UNDECLARED_SELECTOR = YES;
				GCC_WARN_UNINITIALIZED_AUTOS = YES_AGGRESSIVE;
				GCC_WARN_UNUSED_FUNCTION = YES;
				GCC_WARN_UNUSED_VARIABLE = YES;
				IPHONEOS_DEPLOYMENT_TARGET = 17.5;
				LOCALIZATION_PREFERS_STRING_CATALOGS = YES;
				MTL_ENABLE_DEBUG_INFO = NO;
				MTL_FAST_MATH = YES;
				SDKROOT = iphoneos;
				SWIFT_COMPILATION_MODE = wholemodule;
				VALIDATE_PRODUCT = YES;
			};
			name = Release;
		};
		A67FC6442C5B092F0008548D /* Debug */ = {
			isa = XCBuildConfiguration;
			buildSettings = {
				ASSETCATALOG_COMPILER_APPICON_NAME = AppIcon;
				ASSETCATALOG_COMPILER_GLOBAL_ACCENT_COLOR_NAME = AccentColor;
				CODE_SIGN_STYLE = Automatic;
				CURRENT_PROJECT_VERSION = 1;
				GENERATE_INFOPLIST_FILE = YES;
				INFOPLIST_FILE = MemberCenter/Info.plist;
				INFOPLIST_KEY_UIApplicationSupportsIndirectInputEvents = YES;
				INFOPLIST_KEY_UILaunchStoryboardName = LaunchScreen;
				INFOPLIST_KEY_UIMainStoryboardFile = Main;
				INFOPLIST_KEY_UISupportedInterfaceOrientations = UIInterfaceOrientationPortrait;
				INFOPLIST_KEY_UISupportedInterfaceOrientations_iPad = "UIInterfaceOrientationLandscapeLeft UIInterfaceOrientationLandscapeRight UIInterfaceOrientationPortrait UIInterfaceOrientationPortraitUpsideDown";
				LD_RUNPATH_SEARCH_PATHS = (
					"$(inherited)",
					"@executable_path/Frameworks",
				);
				MARKETING_VERSION = 1.0;
				PRODUCT_BUNDLE_IDENTIFIER = education.techit.MemberCenter;
				PRODUCT_NAME = "$(TARGET_NAME)";
				SUPPORTED_PLATFORMS = "iphoneos iphonesimulator";
				SUPPORTS_MACCATALYST = NO;
				SUPPORTS_MAC_DESIGNED_FOR_IPHONE_IPAD = NO;
				SUPPORTS_XR_DESIGNED_FOR_IPHONE_IPAD = NO;
				SWIFT_EMIT_LOC_STRINGS = YES;
				SWIFT_VERSION = 5.0;
				TARGETED_DEVICE_FAMILY = 1;
			};
			name = Debug;
		};
		A67FC6452C5B092F0008548D /* Release */ = {
			isa = XCBuildConfiguration;
			buildSettings = {
				ASSETCATALOG_COMPILER_APPICON_NAME = AppIcon;
				ASSETCATALOG_COMPILER_GLOBAL_ACCENT_COLOR_NAME = AccentColor;
				CODE_SIGN_STYLE = Automatic;
				CURRENT_PROJECT_VERSION = 1;
				GENERATE_INFOPLIST_FILE = YES;
				INFOPLIST_FILE = MemberCenter/Info.plist;
				INFOPLIST_KEY_UIApplicationSupportsIndirectInputEvents = YES;
				INFOPLIST_KEY_UILaunchStoryboardName = LaunchScreen;
				INFOPLIST_KEY_UIMainStoryboardFile = Main;
				INFOPLIST_KEY_UISupportedInterfaceOrientations = UIInterfaceOrientationPortrait;
				INFOPLIST_KEY_UISupportedInterfaceOrientations_iPad = "UIInterfaceOrientationLandscapeLeft UIInterfaceOrientationLandscapeRight UIInterfaceOrientationPortrait UIInterfaceOrientationPortraitUpsideDown";
				LD_RUNPATH_SEARCH_PATHS = (
					"$(inherited)",
					"@executable_path/Frameworks",
				);
				MARKETING_VERSION = 1.0;
				PRODUCT_BUNDLE_IDENTIFIER = education.techit.MemberCenter;
				PRODUCT_NAME = "$(TARGET_NAME)";
				SUPPORTED_PLATFORMS = "iphoneos iphonesimulator";
				SUPPORTS_MACCATALYST = NO;
				SUPPORTS_MAC_DESIGNED_FOR_IPHONE_IPAD = NO;
				SUPPORTS_XR_DESIGNED_FOR_IPHONE_IPAD = NO;
				SWIFT_EMIT_LOC_STRINGS = YES;
				SWIFT_VERSION = 5.0;
				TARGETED_DEVICE_FAMILY = 1;
			};
			name = Release;
		};
/* End XCBuildConfiguration section */

/* Begin XCConfigurationList section */
		A67FC62A2C5B092E0008548D /* Build configuration list for PBXProject "MemberCenter" */ = {
			isa = XCConfigurationList;
			buildConfigurations = (
				A67FC6412C5B092F0008548D /* Debug */,
				A67FC6422C5B092F0008548D /* Release */,
			);
			defaultConfigurationIsVisible = 0;
			defaultConfigurationName = Release;
		};
		A67FC6432C5B092F0008548D /* Build configuration list for PBXNativeTarget "MemberCenter" */ = {
			isa = XCConfigurationList;
			buildConfigurations = (
				A67FC6442C5B092F0008548D /* Debug */,
				A67FC6452C5B092F0008548D /* Release */,
			);
			defaultConfigurationIsVisible = 0;
			defaultConfigurationName = Release;
		};
/* End XCConfigurationList section */
	};
	rootObject = A67FC6272C5B092E0008548D /* Project object */;
}
